<?xml version="1.0" encoding="utf-8"?>
<Project ToolsVersion="14.0" xmlns="http://schemas.microsoft.com/developer/msbuild/2003">
  <ItemGroup>
    <Filter Include="include">
      <UniqueIdentifier>{0b7e713b-091d-40b5-b904-54e40c20d3eb}</UniqueIdentifier>
    </Filter>
    <Filter Include="src">
      <UniqueIdentifier>{65270577-03b8-499a-bd61-3f881e3d94d8}</UniqueIdentifier>
    </Filter>
    <Filter Include="include\GameLibrary">
      <UniqueIdentifier>{f1c4708b-4765-436c-b400-61ce2dc3359a}</UniqueIdentifier>
    </Filter>
    <Filter Include="include\GameLibrary\Actor">
      <UniqueIdentifier>{a2b317c3-edcb-47a6-a11a-5d024e7a1d0c}</UniqueIdentifier>
    </Filter>
    <Filter Include="include\GameLibrary\Window">
      <UniqueIdentifier>{290de966-d581-4b1a-ba64-4446d6ec7069}</UniqueIdentifier>
    </Filter>
    <Filter Include="include\GameLibrary\Application">
      <UniqueIdentifier>{0c8d3e94-6163-46d4-b005-528ea3c4f0b0}</UniqueIdentifier>
    </Filter>
    <Filter Include="include\GameLibrary\Utilities">
      <UniqueIdentifier>{7109b38c-4aeb-4238-839a-1fffdc65694f}</UniqueIdentifier>
    </Filter>
    <Filter Include="include\GameLibrary\Audio">
      <UniqueIdentifier>{337a877e-cf40-41b1-b3d3-02f42c99600b}</UniqueIdentifier>
    </Filter>
    <Filter Include="include\GameLibrary\Screen">
      <UniqueIdentifier>{38599677-de67-4fbe-9b23-95824a89ba2c}</UniqueIdentifier>
    </Filter>
    <Filter Include="include\GameLibrary\Exception">
      <UniqueIdentifier>{f609a994-96d3-4917-90ac-8d6977d73075}</UniqueIdentifier>
    </Filter>
    <Filter Include="include\GameLibrary\Graphics">
      <UniqueIdentifier>{55cb5546-cb8d-42c2-bd87-e9a7d1555978}</UniqueIdentifier>
    </Filter>
    <Filter Include="include\GameLibrary\Input">
      <UniqueIdentifier>{87e00f57-7cd8-420b-82e3-a14bfde333cc}</UniqueIdentifier>
    </Filter>
    <Filter Include="include\GameLibrary\IO">
      <UniqueIdentifier>{d9c5ad21-d441-4381-9716-22f5b386a14c}</UniqueIdentifier>
    </Filter>
    <Filter Include="include\GameLibrary\Network">
      <UniqueIdentifier>{7fac7692-df1e-42e7-8967-d7bf2ddc44ed}</UniqueIdentifier>
    </Filter>
    <Filter Include="include\GameLibrary\Exception\Graphics">
      <UniqueIdentifier>{f46cf466-665a-4c27-8217-d094f17258c8}</UniqueIdentifier>
    </Filter>
    <Filter Include="include\GameLibrary\Exception\Utilities">
      <UniqueIdentifier>{d9c5cc7c-53a3-431f-b02d-1da36d70156c}</UniqueIdentifier>
    </Filter>
    <Filter Include="include\GameLibrary\Exception\Screen">
      <UniqueIdentifier>{e30055bf-7a42-4ef5-8cce-527aefcff3b1}</UniqueIdentifier>
    </Filter>
    <Filter Include="include\GameLibrary\Exception\Utilities\Font">
      <UniqueIdentifier>{f033ac21-eaa4-4934-84c1-2aae022d5f8d}</UniqueIdentifier>
    </Filter>
    <Filter Include="include\GameLibrary\Screen\UI">
      <UniqueIdentifier>{cb2a16b3-1d69-4a0f-a580-7f88076a0e05}</UniqueIdentifier>
    </Filter>
    <Filter Include="include\GameLibrary\Screen\Transition">
      <UniqueIdentifier>{fa112f58-2431-48ea-8de5-20d210d59d9e}</UniqueIdentifier>
    </Filter>
    <Filter Include="include\GameLibrary\Utilities\Font">
      <UniqueIdentifier>{9739b452-c36e-4a0b-9f76-9c676f03dd05}</UniqueIdentifier>
    </Filter>
    <Filter Include="include\GameLibrary\Utilities\Time">
      <UniqueIdentifier>{12b5701a-5455-4a67-ae32-bd4cca3266be}</UniqueIdentifier>
    </Filter>
    <Filter Include="include\GameLibrary\Utilities\Geometry">
      <UniqueIdentifier>{be696bbf-2cf7-4585-a782-fc860146ba87}</UniqueIdentifier>
    </Filter>
    <Filter Include="src\Actor">
      <UniqueIdentifier>{24608bea-3b20-42db-b647-e0e7bbdfa1af}</UniqueIdentifier>
    </Filter>
    <Filter Include="src\Window">
      <UniqueIdentifier>{0c6c2423-3cad-4a45-85aa-15f24fd6a318}</UniqueIdentifier>
    </Filter>
    <Filter Include="src\Utilities">
      <UniqueIdentifier>{04aa0be8-b973-47e6-95ef-3a923e223b13}</UniqueIdentifier>
    </Filter>
    <Filter Include="src\Screen">
      <UniqueIdentifier>{ceac6f8a-9d73-4352-a731-db876a70e087}</UniqueIdentifier>
    </Filter>
    <Filter Include="src\Application">
      <UniqueIdentifier>{8f483378-1eff-4659-9b46-b37ee05ad52f}</UniqueIdentifier>
    </Filter>
    <Filter Include="src\Audio">
      <UniqueIdentifier>{fc4ef8cd-2b2f-4481-a30f-d123155bf6ca}</UniqueIdentifier>
    </Filter>
    <Filter Include="src\Exception">
      <UniqueIdentifier>{05da47f3-9950-412b-9751-129380481e5a}</UniqueIdentifier>
    </Filter>
    <Filter Include="src\Graphics">
      <UniqueIdentifier>{66b3a376-028f-4709-989b-4339e4acf3d9}</UniqueIdentifier>
    </Filter>
    <Filter Include="src\Input">
      <UniqueIdentifier>{ffddc319-70fb-4d96-92aa-1522d4e2885f}</UniqueIdentifier>
    </Filter>
    <Filter Include="src\IO">
      <UniqueIdentifier>{9a5dee54-e750-43a0-ad60-b3204f18a188}</UniqueIdentifier>
    </Filter>
    <Filter Include="src\Network">
      <UniqueIdentifier>{410a13f9-fc8c-4d6d-9c9c-28d66b132a84}</UniqueIdentifier>
    </Filter>
    <Filter Include="src\Exception\Graphics">
      <UniqueIdentifier>{4f137984-b1f6-46f5-ba05-af17a1b0085a}</UniqueIdentifier>
    </Filter>
    <Filter Include="src\Exception\Screen">
      <UniqueIdentifier>{4b15f1ab-d8df-4435-8af9-35f1c7e1d6f1}</UniqueIdentifier>
    </Filter>
    <Filter Include="src\Exception\Utilities">
      <UniqueIdentifier>{194609b1-8b9b-42f6-9fe6-232d2b1edfe9}</UniqueIdentifier>
    </Filter>
    <Filter Include="src\Exception\Utilities\Font">
      <UniqueIdentifier>{217ee3a0-3686-4345-a145-d49fa4482440}</UniqueIdentifier>
    </Filter>
    <Filter Include="src\Screen\UI">
      <UniqueIdentifier>{24ebfd46-5703-4e78-80b8-f5929e93f0e9}</UniqueIdentifier>
    </Filter>
    <Filter Include="src\Screen\Transition">
      <UniqueIdentifier>{faa2b963-d03d-49c3-8d02-527c5b11a122}</UniqueIdentifier>
    </Filter>
    <Filter Include="src\Utilities\Time">
      <UniqueIdentifier>{d575a303-7754-4cba-87fb-bc2804d53851}</UniqueIdentifier>
    </Filter>
    <Filter Include="src\Utilities\Font">
      <UniqueIdentifier>{7cc97f01-4aeb-459d-b014-00956a498211}</UniqueIdentifier>
    </Filter>
    <Filter Include="src\Utilities\Geometry">
      <UniqueIdentifier>{d94ac91d-df90-4d86-b501-44280799dd73}</UniqueIdentifier>
    </Filter>
    <Filter Include="src\Utilities\Time\time64">
      <UniqueIdentifier>{50e958c3-4a8f-407b-866e-247339abdc16}</UniqueIdentifier>
    </Filter>
    <Filter Include="external">
      <UniqueIdentifier>{ffdd04d7-e750-43dc-8830-f61ea3947409}</UniqueIdentifier>
    </Filter>
    <Filter Include="external\base64">
      <UniqueIdentifier>{a297bae9-0cc7-40aa-91e1-c8904d1da98f}</UniqueIdentifier>
    </Filter>
    <Filter Include="external\base64\include">
      <UniqueIdentifier>{aa5269e4-d6be-481e-80ef-8fcbd38e5bc5}</UniqueIdentifier>
    </Filter>
    <Filter Include="external\dirent">
      <UniqueIdentifier>{4f727f95-596c-4471-a9b4-cb9fa8a8752e}</UniqueIdentifier>
    </Filter>
    <Filter Include="external\dirent\include">
      <UniqueIdentifier>{f5eb8630-42ef-483f-9281-1e4b25771dc0}</UniqueIdentifier>
    </Filter>
    <Filter Include="external\pugixml">
      <UniqueIdentifier>{63cf7a35-e1e3-405f-bbae-f45da5db7da7}</UniqueIdentifier>
    </Filter>
    <Filter Include="external\pugixml\src">
      <UniqueIdentifier>{49580141-2384-4530-b291-069ffc9b6fdf}</UniqueIdentifier>
    </Filter>
    <Filter Include="external\SDL">
      <UniqueIdentifier>{244c6857-072c-4a2e-8934-bd3a46dc62af}</UniqueIdentifier>
    </Filter>
    <Filter Include="external\SDL\SDL_gfx">
      <UniqueIdentifier>{fcf560be-cdb6-44a5-8be0-ae901ef33f3d}</UniqueIdentifier>
    </Filter>
  </ItemGroup>
  <ItemGroup>
    <ClInclude Include="..\..\include\GameLibrary\Actor\Actor.hpp">
      <Filter>include\GameLibrary\Actor</Filter>
    </ClInclude>
    <ClInclude Include="..\..\include\GameLibrary\Actor\Animation.hpp">
      <Filter>include\GameLibrary\Actor</Filter>
    </ClInclude>
    <ClInclude Include="..\..\include\GameLibrary\Actor\SpriteActor.hpp">
      <Filter>include\GameLibrary\Actor</Filter>
    </ClInclude>
    <ClInclude Include="..\..\include\GameLibrary\Actor\TextActor.hpp">
      <Filter>include\GameLibrary\Actor</Filter>
    </ClInclude>
    <ClInclude Include="..\..\include\GameLibrary\Actor\WireframeActor.hpp">
      <Filter>include\GameLibrary\Actor</Filter>
    </ClInclude>
    <ClInclude Include="..\..\include\GameLibrary\Application\ApplicationData.hpp">
      <Filter>include\GameLibrary\Application</Filter>
    </ClInclude>
    <ClInclude Include="..\..\include\GameLibrary\Application\BatchLoader.hpp">
      <Filter>include\GameLibrary\Application</Filter>
    </ClInclude>
    <ClInclude Include="..\..\include\GameLibrary\Application\Application.hpp">
      <Filter>include\GameLibrary\Application</Filter>
    </ClInclude>
    <ClInclude Include="..\..\include\GameLibrary\Audio\Music.hpp">
      <Filter>include\GameLibrary\Audio</Filter>
    </ClInclude>
    <ClInclude Include="..\..\include\GameLibrary\Audio\Sound.hpp">
      <Filter>include\GameLibrary\Audio</Filter>
    </ClInclude>
    <ClInclude Include="..\..\include\GameLibrary\Exception\BadCastException.hpp">
      <Filter>include\GameLibrary\Exception</Filter>
    </ClInclude>
    <ClInclude Include="..\..\include\GameLibrary\Exception\Exception.hpp">
      <Filter>include\GameLibrary\Exception</Filter>
    </ClInclude>
    <ClInclude Include="..\..\include\GameLibrary\Exception\IllegalArgumentException.hpp">
      <Filter>include\GameLibrary\Exception</Filter>
    </ClInclude>
    <ClInclude Include="..\..\include\GameLibrary\Exception\IllegalStateException.hpp">
      <Filter>include\GameLibrary\Exception</Filter>
    </ClInclude>
    <ClInclude Include="..\..\include\GameLibrary\Exception\InitializeLibraryException.hpp">
      <Filter>include\GameLibrary\Exception</Filter>
    </ClInclude>
    <ClInclude Include="..\..\include\GameLibrary\Exception\NumberFormatException.hpp">
      <Filter>include\GameLibrary\Exception</Filter>
    </ClInclude>
    <ClInclude Include="..\..\include\GameLibrary\Exception\OutOfBoundsException.hpp">
      <Filter>include\GameLibrary\Exception</Filter>
    </ClInclude>
    <ClInclude Include="..\..\include\GameLibrary\Exception\Graphics\ImageOutOfBoundsException.hpp">
      <Filter>include\GameLibrary\Exception\Graphics</Filter>
    </ClInclude>
    <ClInclude Include="..\..\include\GameLibrary\Exception\Graphics\TextureImageCreateException.hpp">
      <Filter>include\GameLibrary\Exception\Graphics</Filter>
    </ClInclude>
    <ClInclude Include="..\..\include\GameLibrary\Exception\Graphics\TextureImageUpdateException.hpp">
      <Filter>include\GameLibrary\Exception\Graphics</Filter>
    </ClInclude>
    <ClInclude Include="..\..\include\GameLibrary\Exception\Graphics\UnsupportedImageFormatException.hpp">
      <Filter>include\GameLibrary\Exception\Graphics</Filter>
    </ClInclude>
    <ClInclude Include="..\..\include\GameLibrary\Exception\Screen\ScreenNavigationException.hpp">
      <Filter>include\GameLibrary\Exception\Screen</Filter>
    </ClInclude>
    <ClInclude Include="..\..\include\GameLibrary\Exception\Utilities\ArrayListOutOfBoundsException.hpp">
      <Filter>include\GameLibrary\Exception\Utilities</Filter>
    </ClInclude>
    <ClInclude Include="..\..\include\GameLibrary\Exception\Utilities\BadAnyCastException.hpp">
      <Filter>include\GameLibrary\Exception\Utilities</Filter>
    </ClInclude>
    <ClInclude Include="..\..\include\GameLibrary\Exception\Utilities\IllegalNumberOperationException.hpp">
      <Filter>include\GameLibrary\Exception\Utilities</Filter>
    </ClInclude>
    <ClInclude Include="..\..\include\GameLibrary\Exception\Utilities\StringOutOfBoundsException.hpp">
      <Filter>include\GameLibrary\Exception\Utilities</Filter>
    </ClInclude>
    <ClInclude Include="..\..\include\GameLibrary\Exception\Utilities\Font\RenderGlyphException.hpp">
      <Filter>include\GameLibrary\Exception\Utilities\Font</Filter>
    </ClInclude>
    <ClInclude Include="..\..\include\GameLibrary\Graphics\Color.hpp">
      <Filter>include\GameLibrary\Graphics</Filter>
    </ClInclude>
    <ClInclude Include="..\..\include\GameLibrary\Graphics\Graphics.hpp">
      <Filter>include\GameLibrary\Graphics</Filter>
    </ClInclude>
    <ClInclude Include="..\..\include\GameLibrary\Graphics\Image.hpp">
      <Filter>include\GameLibrary\Graphics</Filter>
    </ClInclude>
    <ClInclude Include="..\..\include\GameLibrary\Graphics\PixelIterator.hpp">
      <Filter>include\GameLibrary\Graphics</Filter>
    </ClInclude>
    <ClInclude Include="..\..\include\GameLibrary\Graphics\TextureImage.hpp">
      <Filter>include\GameLibrary\Graphics</Filter>
    </ClInclude>
    <ClInclude Include="..\..\include\GameLibrary\Input\Keyboard.hpp">
      <Filter>include\GameLibrary\Input</Filter>
    </ClInclude>
    <ClInclude Include="..\..\include\GameLibrary\Input\Mouse.hpp">
      <Filter>include\GameLibrary\Input</Filter>
    </ClInclude>
    <ClInclude Include="..\..\include\GameLibrary\Input\Multitouch.hpp">
      <Filter>include\GameLibrary\Input</Filter>
    </ClInclude>
    <ClInclude Include="..\..\include\GameLibrary\IO\Console.hpp">
      <Filter>include\GameLibrary\IO</Filter>
    </ClInclude>
    <ClInclude Include="..\..\include\GameLibrary\IO\FileTools.hpp">
      <Filter>include\GameLibrary\IO</Filter>
    </ClInclude>
    <ClInclude Include="..\..\include\GameLibrary\Network\NetworkProtocol.hpp">
      <Filter>include\GameLibrary\Network</Filter>
    </ClInclude>
    <ClInclude Include="..\..\include\GameLibrary\Screen\AutoLayoutCalculator.hpp">
      <Filter>include\GameLibrary\Screen</Filter>
    </ClInclude>
    <ClInclude Include="..\..\include\GameLibrary\Screen\AutoLayoutManager.hpp">
      <Filter>include\GameLibrary\Screen</Filter>
    </ClInclude>
    <ClInclude Include="..\..\include\GameLibrary\Screen\ScreenManager.hpp">
      <Filter>include\GameLibrary\Screen</Filter>
    </ClInclude>
    <ClInclude Include="..\..\include\GameLibrary\Screen\Transition\FadeColorTransition.hpp">
      <Filter>include\GameLibrary\Screen\Transition</Filter>
    </ClInclude>
    <ClInclude Include="..\..\include\GameLibrary\Screen\Transition\FadeZoomTransition.hpp">
      <Filter>include\GameLibrary\Screen\Transition</Filter>
    </ClInclude>
    <ClInclude Include="..\..\include\GameLibrary\Screen\Transition\PopoverTransition.hpp">
      <Filter>include\GameLibrary\Screen\Transition</Filter>
    </ClInclude>
    <ClInclude Include="..\..\include\GameLibrary\Screen\Transition\SlideTransition.hpp">
      <Filter>include\GameLibrary\Screen\Transition</Filter>
    </ClInclude>
    <ClInclude Include="..\..\include\GameLibrary\Screen\Transition\Transition.hpp">
      <Filter>include\GameLibrary\Screen\Transition</Filter>
    </ClInclude>
    <ClInclude Include="..\..\include\GameLibrary\Screen\UI\ActorMenuElement.hpp">
      <Filter>include\GameLibrary\Screen\UI</Filter>
    </ClInclude>
    <ClInclude Include="..\..\include\GameLibrary\Screen\UI\ImageElement.hpp">
      <Filter>include\GameLibrary\Screen\UI</Filter>
    </ClInclude>
    <ClInclude Include="..\..\include\GameLibrary\Screen\UI\MenuScreen.hpp">
      <Filter>include\GameLibrary\Screen\UI</Filter>
    </ClInclude>
    <ClInclude Include="..\..\include\GameLibrary\Screen\UI\TextInputElement.hpp">
      <Filter>include\GameLibrary\Screen\UI</Filter>
    </ClInclude>
    <ClInclude Include="..\..\include\GameLibrary\Screen\UI\TouchElement.hpp">
      <Filter>include\GameLibrary\Screen\UI</Filter>
    </ClInclude>
    <ClInclude Include="..\..\include\GameLibrary\Screen\UI\ZoomPanElement.hpp">
      <Filter>include\GameLibrary\Screen\UI</Filter>
    </ClInclude>
    <ClInclude Include="..\..\include\GameLibrary\Utilities\Any.hpp">
      <Filter>include\GameLibrary\Utilities</Filter>
    </ClInclude>
    <ClInclude Include="..\..\include\GameLibrary\Utilities\ArrayList.hpp">
      <Filter>include\GameLibrary\Utilities</Filter>
    </ClInclude>
    <ClInclude Include="..\..\include\GameLibrary\Utilities\Dictionary.hpp">
      <Filter>include\GameLibrary\Utilities</Filter>
    </ClInclude>
    <ClInclude Include="..\..\include\GameLibrary\Utilities\Math.hpp">
      <Filter>include\GameLibrary\Utilities</Filter>
    </ClInclude>
    <ClInclude Include="..\..\include\GameLibrary\Utilities\Number.hpp">
      <Filter>include\GameLibrary\Utilities</Filter>
    </ClInclude>
    <ClInclude Include="..\..\include\GameLibrary\Utilities\Pair.hpp">
      <Filter>include\GameLibrary\Utilities</Filter>
    </ClInclude>
    <ClInclude Include="..\..\include\GameLibrary\Utilities\PlatformChecks.hpp">
      <Filter>include\GameLibrary\Utilities</Filter>
    </ClInclude>
    <ClInclude Include="..\..\include\GameLibrary\Utilities\Thread.hpp">
      <Filter>include\GameLibrary\Utilities</Filter>
    </ClInclude>
    <ClInclude Include="..\..\include\GameLibrary\Utilities\Font\Font.hpp">
      <Filter>include\GameLibrary\Utilities\Font</Filter>
    </ClInclude>
    <ClInclude Include="..\..\include\GameLibrary\Utilities\Font\RenderedGlyphContainer.hpp">
      <Filter>include\GameLibrary\Utilities\Font</Filter>
    </ClInclude>
    <ClInclude Include="..\..\include\GameLibrary\Utilities\Geometry\Circle.hpp">
      <Filter>include\GameLibrary\Utilities\Geometry</Filter>
    </ClInclude>
    <ClInclude Include="..\..\include\GameLibrary\Utilities\Geometry\Polygon.hpp">
      <Filter>include\GameLibrary\Utilities\Geometry</Filter>
    </ClInclude>
    <ClInclude Include="..\..\include\GameLibrary\Utilities\Geometry\Rectangle.hpp">
      <Filter>include\GameLibrary\Utilities\Geometry</Filter>
    </ClInclude>
    <ClInclude Include="..\..\include\GameLibrary\Utilities\Geometry\Transform.hpp">
      <Filter>include\GameLibrary\Utilities\Geometry</Filter>
    </ClInclude>
    <ClInclude Include="..\..\include\GameLibrary\Utilities\Geometry\ValueEase.hpp">
      <Filter>include\GameLibrary\Utilities\Geometry</Filter>
    </ClInclude>
    <ClInclude Include="..\..\include\GameLibrary\Utilities\Geometry\Vector2.hpp">
      <Filter>include\GameLibrary\Utilities\Geometry</Filter>
    </ClInclude>
    <ClInclude Include="..\..\include\GameLibrary\Utilities\Time\DateTime.hpp">
      <Filter>include\GameLibrary\Utilities\Time</Filter>
    </ClInclude>
    <ClInclude Include="..\..\include\GameLibrary\Utilities\Time\TimeInterval.hpp">
      <Filter>include\GameLibrary\Utilities\Time</Filter>
    </ClInclude>
    <ClInclude Include="..\..\include\GameLibrary\Window\MessageBox.hpp">
      <Filter>include\GameLibrary\Window</Filter>
    </ClInclude>
    <ClInclude Include="..\..\include\GameLibrary\Window\Window.hpp">
      <Filter>include\GameLibrary\Window</Filter>
    </ClInclude>
    <ClInclude Include="..\..\src\Application\EventManager.hpp">
      <Filter>src\Application</Filter>
    </ClInclude>
    <ClInclude Include="..\..\src\Utilities\Time\posixtime.h">
      <Filter>src\Utilities\Time</Filter>
    </ClInclude>
    <ClInclude Include="..\..\src\Utilities\Time\time64\time64.h">
      <Filter>src\Utilities\Time\time64</Filter>
    </ClInclude>
    <ClInclude Include="..\..\src\Utilities\Time\time64\time64_config.h">
      <Filter>src\Utilities\Time\time64</Filter>
    </ClInclude>
    <ClInclude Include="..\..\src\Utilities\Time\time64\time64_limits.h">
      <Filter>src\Utilities\Time\time64</Filter>
    </ClInclude>
    <ClInclude Include="..\..\include\GameLibrary\GameLibrary.hpp">
      <Filter>include\GameLibrary</Filter>
    </ClInclude>
    <ClInclude Include="..\..\include\GameLibrary\Types.hpp">
      <Filter>include\GameLibrary</Filter>
    </ClInclude>
    <ClInclude Include="..\..\src\Exception\ExceptionMacros.hpp">
      <Filter>src\Exception</Filter>
    </ClInclude>
    <ClInclude Include="..\..\include\GameLibrary\Screen\Screen.hpp">
      <Filter>include\GameLibrary\Screen</Filter>
    </ClInclude>
    <ClInclude Include="..\..\include\GameLibrary\Screen\ScreenElement.hpp">
      <Filter>include\GameLibrary\Screen</Filter>
    </ClInclude>
    <ClInclude Include="..\..\include\GameLibrary\Utilities\Data.hpp">
      <Filter>include\GameLibrary\Utilities</Filter>
    </ClInclude>
    <ClInclude Include="..\..\include\GameLibrary\Exception\Utilities\BadNumberCastException.hpp">
      <Filter>include\GameLibrary\Exception\Utilities</Filter>
    </ClInclude>
    <ClInclude Include="..\..\include\GameLibrary\Exception\Utilities\DataOutOfBoundsException.hpp">
      <Filter>include\GameLibrary\Exception\Utilities</Filter>
    </ClInclude>
    <ClInclude Include="..\..\external\base64\include\base64.hpp">
      <Filter>external\base64\include</Filter>
    </ClInclude>
    <ClInclude Include="..\..\external\dirent\include\dirent.h">
      <Filter>external\dirent\include</Filter>
    </ClInclude>
    <ClInclude Include="..\..\include\GameLibrary\Exception\NotImplementedException.hpp">
      <Filter>include\GameLibrary\Exception</Filter>
    </ClInclude>
    <ClInclude Include="..\..\include\GameLibrary\Utilities\Plist.hpp">
      <Filter>include\GameLibrary\Utilities</Filter>
    </ClInclude>
    <ClInclude Include="..\..\include\GameLibrary\Exception\Utilities\DictionaryKeyNotFoundException.hpp">
      <Filter>include\GameLibrary\Exception\Utilities</Filter>
    </ClInclude>
    <ClInclude Include="..\..\include\GameLibrary\Utilities\Stringifier.hpp">
      <Filter>include\GameLibrary\Utilities</Filter>
    </ClInclude>
    <ClInclude Include="..\..\include\GameLibrary\Screen\UI\AnimationElement.hpp">
      <Filter>include\GameLibrary\Screen\UI</Filter>
    </ClInclude>
    <ClInclude Include="..\..\include\GameLibrary\Utilities\Dictionary.impl">
      <Filter>include\GameLibrary\Utilities</Filter>
    </ClInclude>
    <ClInclude Include="..\..\include\GameLibrary\Utilities\Number.impl">
      <Filter>include\GameLibrary\Utilities</Filter>
    </ClInclude>
    <ClInclude Include="..\..\include\GameLibrary\Utilities\Geometry\Line.hpp">
      <Filter>include\GameLibrary\Utilities\Geometry</Filter>
    </ClInclude>
    <ClInclude Include="..\..\include\GameLibrary\Utilities\Tools.hpp">
      <Filter>include\GameLibrary\Utilities</Filter>
    </ClInclude>
    <ClInclude Include="..\..\include\GameLibrary\Utilities\BasicString.hpp">
      <Filter>include\GameLibrary\Utilities</Filter>
    </ClInclude>
    <ClInclude Include="..\..\include\GameLibrary\Utilities\String.hpp">
      <Filter>include\GameLibrary\Utilities</Filter>
    </ClInclude>
    <ClInclude Include="..\..\external\pugixml\src\pugiconfig.hpp">
      <Filter>external\pugixml\src</Filter>
    </ClInclude>
    <ClInclude Include="..\..\external\pugixml\src\pugixml.hpp">
      <Filter>external\pugixml\src</Filter>
    </ClInclude>
    <ClInclude Include="..\..\external\SDL\SDL_gfx\SDL2_framerate.h">
      <Filter>external\SDL\SDL_gfx</Filter>
    </ClInclude>
    <ClInclude Include="..\..\external\SDL\SDL_gfx\SDL2_gfxPrimitives.h">
      <Filter>external\SDL\SDL_gfx</Filter>
    </ClInclude>
    <ClInclude Include="..\..\external\SDL\SDL_gfx\SDL2_gfxPrimitives_font.h">
      <Filter>external\SDL\SDL_gfx</Filter>
    </ClInclude>
    <ClInclude Include="..\..\external\SDL\SDL_gfx\SDL2_imageFilter.h">
      <Filter>external\SDL\SDL_gfx</Filter>
    </ClInclude>
    <ClInclude Include="..\..\external\SDL\SDL_gfx\SDL2_rotozoom.h">
      <Filter>external\SDL\SDL_gfx</Filter>
    </ClInclude>
    <ClInclude Include="..\..\include\GameLibrary\Utilities\Geometry\Vector3.hpp">
      <Filter>include\GameLibrary\Utilities\Geometry</Filter>
    </ClInclude>
    <ClInclude Include="..\..\include\GameLibrary\Window\AssetManager.hpp">
      <Filter>include\GameLibrary\Window</Filter>
    </ClInclude>
    <ClInclude Include="..\..\include\GameLibrary\Window\Viewport.hpp">
      <Filter>include\GameLibrary\Window</Filter>
    </ClInclude>
    <ClInclude Include="..\..\include\GameLibrary\Actor\AnimationPlayer.hpp">
      <Filter>include\GameLibrary\Actor</Filter>
    </ClInclude>
  </ItemGroup>
  <ItemGroup>
    <ClCompile Include="..\..\src\Actor\Actor.cpp">
      <Filter>src\Actor</Filter>
    </ClCompile>
    <ClCompile Include="..\..\src\Actor\Animation.cpp">
      <Filter>src\Actor</Filter>
    </ClCompile>
    <ClCompile Include="..\..\src\Actor\SpriteActor.cpp">
      <Filter>src\Actor</Filter>
    </ClCompile>
    <ClCompile Include="..\..\src\Actor\TextActor.cpp">
      <Filter>src\Actor</Filter>
    </ClCompile>
    <ClCompile Include="..\..\src\Actor\WireframeActor.cpp">
      <Filter>src\Actor</Filter>
    </ClCompile>
    <ClCompile Include="..\..\src\Application\Application.cpp">
      <Filter>src\Application</Filter>
    </ClCompile>
    <ClCompile Include="..\..\src\Application\ApplicationData.cpp">
      <Filter>src\Application</Filter>
    </ClCompile>
    <ClCompile Include="..\..\src\Application\BatchLoader.cpp">
      <Filter>src\Application</Filter>
    </ClCompile>
    <ClCompile Include="..\..\src\Application\EventManager.cpp">
      <Filter>src\Application</Filter>
    </ClCompile>
    <ClCompile Include="..\..\src\Audio\Music.cpp">
      <Filter>src\Audio</Filter>
    </ClCompile>
    <ClCompile Include="..\..\src\Audio\Sound.cpp">
      <Filter>src\Audio</Filter>
    </ClCompile>
    <ClCompile Include="..\..\src\Exception\BadCastException.cpp">
      <Filter>src\Exception</Filter>
    </ClCompile>
    <ClCompile Include="..\..\src\Exception\Exception.cpp">
      <Filter>src\Exception</Filter>
    </ClCompile>
    <ClCompile Include="..\..\src\Exception\IllegalArgumentException.cpp">
      <Filter>src\Exception</Filter>
    </ClCompile>
    <ClCompile Include="..\..\src\Exception\IllegalStateException.cpp">
      <Filter>src\Exception</Filter>
    </ClCompile>
    <ClCompile Include="..\..\src\Exception\InitializeLibraryException.cpp">
      <Filter>src\Exception</Filter>
    </ClCompile>
    <ClCompile Include="..\..\src\Exception\NumberFormatException.cpp">
      <Filter>src\Exception</Filter>
    </ClCompile>
    <ClCompile Include="..\..\src\Exception\OutOfBoundsException.cpp">
      <Filter>src\Exception</Filter>
    </ClCompile>
    <ClCompile Include="..\..\src\Exception\Graphics\ImageOutOfBoundsException.cpp">
      <Filter>src\Exception\Graphics</Filter>
    </ClCompile>
    <ClCompile Include="..\..\src\Exception\Graphics\TextureImageCreateException.cpp">
      <Filter>src\Exception\Graphics</Filter>
    </ClCompile>
    <ClCompile Include="..\..\src\Exception\Graphics\TextureImageUpdateException.cpp">
      <Filter>src\Exception\Graphics</Filter>
    </ClCompile>
    <ClCompile Include="..\..\src\Exception\Graphics\UnsupportedImageFormatException.cpp">
      <Filter>src\Exception\Graphics</Filter>
    </ClCompile>
    <ClCompile Include="..\..\src\Exception\Screen\ScreenNavigationException.cpp">
      <Filter>src\Exception\Screen</Filter>
    </ClCompile>
    <ClCompile Include="..\..\src\Exception\Utilities\ArrayListOutOfBoundsException.cpp">
      <Filter>src\Exception\Utilities</Filter>
    </ClCompile>
    <ClCompile Include="..\..\src\Exception\Utilities\BadAnyCastException.cpp">
      <Filter>src\Exception\Utilities</Filter>
    </ClCompile>
    <ClCompile Include="..\..\src\Exception\Utilities\IllegalNumberOperationException.cpp">
      <Filter>src\Exception\Utilities</Filter>
    </ClCompile>
    <ClCompile Include="..\..\src\Exception\Utilities\StringOutOfBoundsException.cpp">
      <Filter>src\Exception\Utilities</Filter>
    </ClCompile>
    <ClCompile Include="..\..\src\Exception\Utilities\Font\RenderGlyphException.cpp">
      <Filter>src\Exception\Utilities\Font</Filter>
    </ClCompile>
    <ClCompile Include="..\..\src\Graphics\Color.cpp">
      <Filter>src\Graphics</Filter>
    </ClCompile>
    <ClCompile Include="..\..\src\Graphics\Graphics.cpp">
      <Filter>src\Graphics</Filter>
    </ClCompile>
    <ClCompile Include="..\..\src\Graphics\Image.cpp">
      <Filter>src\Graphics</Filter>
    </ClCompile>
    <ClCompile Include="..\..\src\Graphics\PixelIterator.cpp">
      <Filter>src\Graphics</Filter>
    </ClCompile>
    <ClCompile Include="..\..\src\Graphics\TextureImage.cpp">
      <Filter>src\Graphics</Filter>
    </ClCompile>
    <ClCompile Include="..\..\src\Input\Keyboard.cpp">
      <Filter>src\Input</Filter>
    </ClCompile>
    <ClCompile Include="..\..\src\Input\Mouse.cpp">
      <Filter>src\Input</Filter>
    </ClCompile>
    <ClCompile Include="..\..\src\Input\Multitouch.cpp">
      <Filter>src\Input</Filter>
    </ClCompile>
    <ClCompile Include="..\..\src\IO\Console.cpp">
      <Filter>src\IO</Filter>
    </ClCompile>
    <ClCompile Include="..\..\src\IO\FileTools.cpp">
      <Filter>src\IO</Filter>
    </ClCompile>
    <ClCompile Include="..\..\src\Network\NetworkProtocol.cpp">
      <Filter>src\Network</Filter>
    </ClCompile>
    <ClCompile Include="..\..\src\Screen\AutoLayoutCalculator.cpp">
      <Filter>src\Screen</Filter>
    </ClCompile>
    <ClCompile Include="..\..\src\Screen\AutoLayoutManager.cpp">
      <Filter>src\Screen</Filter>
    </ClCompile>
    <ClCompile Include="..\..\src\Screen\Screen.cpp">
      <Filter>src\Screen</Filter>
    </ClCompile>
    <ClCompile Include="..\..\src\Screen\ScreenManager.cpp">
      <Filter>src\Screen</Filter>
    </ClCompile>
    <ClCompile Include="..\..\src\Screen\Transition\FadeColorTransition.cpp">
      <Filter>src\Screen\Transition</Filter>
    </ClCompile>
    <ClCompile Include="..\..\src\Screen\Transition\FadeZoomTransition.cpp">
      <Filter>src\Screen\Transition</Filter>
    </ClCompile>
    <ClCompile Include="..\..\src\Screen\Transition\PopoverTransition.cpp">
      <Filter>src\Screen\Transition</Filter>
    </ClCompile>
    <ClCompile Include="..\..\src\Screen\Transition\SlideTransition.cpp">
      <Filter>src\Screen\Transition</Filter>
    </ClCompile>
    <ClCompile Include="..\..\src\Screen\UI\ActorMenuElement.cpp">
      <Filter>src\Screen\UI</Filter>
    </ClCompile>
    <ClCompile Include="..\..\src\Screen\UI\ImageElement.cpp">
      <Filter>src\Screen\UI</Filter>
    </ClCompile>
    <ClCompile Include="..\..\src\Screen\UI\MenuScreen.cpp">
      <Filter>src\Screen\UI</Filter>
    </ClCompile>
    <ClCompile Include="..\..\src\Screen\UI\TextInputElement.cpp">
      <Filter>src\Screen\UI</Filter>
    </ClCompile>
    <ClCompile Include="..\..\src\Screen\UI\TouchElement.cpp">
      <Filter>src\Screen\UI</Filter>
    </ClCompile>
    <ClCompile Include="..\..\src\Screen\UI\ZoomPanElement.cpp">
      <Filter>src\Screen\UI</Filter>
    </ClCompile>
    <ClCompile Include="..\..\src\Utilities\Math.cpp">
      <Filter>src\Utilities</Filter>
    </ClCompile>
    <ClCompile Include="..\..\src\Utilities\Thread.cpp">
      <Filter>src\Utilities</Filter>
    </ClCompile>
    <ClCompile Include="..\..\src\Utilities\Font\Font.cpp">
      <Filter>src\Utilities\Font</Filter>
    </ClCompile>
    <ClCompile Include="..\..\src\Utilities\Font\RenderedGlyphContainer.cpp">
      <Filter>src\Utilities\Font</Filter>
    </ClCompile>
    <ClCompile Include="..\..\src\Utilities\Time\DateTime.cpp">
      <Filter>src\Utilities\Time</Filter>
    </ClCompile>
    <ClCompile Include="..\..\src\Utilities\Time\posixtime.cpp">
      <Filter>src\Utilities\Time</Filter>
    </ClCompile>
    <ClCompile Include="..\..\src\Utilities\Time\TimeInterval.cpp">
      <Filter>src\Utilities\Time</Filter>
    </ClCompile>
    <ClCompile Include="..\..\src\Utilities\Time\time64\time64.c">
      <Filter>src\Utilities\Time\time64</Filter>
    </ClCompile>
    <ClCompile Include="..\..\src\Window\MessageBox.cpp">
      <Filter>src\Window</Filter>
    </ClCompile>
    <ClCompile Include="..\..\src\Window\Window.cpp">
      <Filter>src\Window</Filter>
    </ClCompile>
    <ClCompile Include="..\..\src\Screen\ScreenElement.cpp">
      <Filter>src\Screen</Filter>
    </ClCompile>
    <ClCompile Include="..\..\src\Exception\Utilities\BadNumberCastException.cpp">
      <Filter>src\Exception\Utilities</Filter>
    </ClCompile>
    <ClCompile Include="..\..\src\Exception\Utilities\DataOutOfBoundsException.cpp">
      <Filter>src\Exception\Utilities</Filter>
    </ClCompile>
    <ClCompile Include="..\..\src\Utilities\Data.cpp">
      <Filter>src\Utilities</Filter>
    </ClCompile>
    <ClCompile Include="..\..\src\GameLibrary.cpp">
      <Filter>src</Filter>
    </ClCompile>
    <ClCompile Include="..\..\src\Utilities\Number.cpp">
      <Filter>src\Utilities</Filter>
    </ClCompile>
    <ClCompile Include="..\..\src\Exception\NotImplementedException.cpp">
      <Filter>src\Exception</Filter>
    </ClCompile>
    <ClCompile Include="..\..\src\Utilities\Plist.cpp">
      <Filter>src\Utilities</Filter>
    </ClCompile>
    <ClCompile Include="..\..\src\Exception\Utilities\DictionaryKeyNotFoundException.cpp">
      <Filter>src\Exception\Utilities</Filter>
    </ClCompile>
    <ClCompile Include="..\..\src\Screen\UI\AnimationElement.cpp">
      <Filter>src\Screen\UI</Filter>
    </ClCompile>
    <ClCompile Include="..\..\src\Utilities\Tools.cpp">
      <Filter>src\Utilities</Filter>
    </ClCompile>
    <ClCompile Include="..\..\external\pugixml\src\pugixml.cpp">
      <Filter>external\pugixml\src</Filter>
    </ClCompile>
    <ClCompile Include="..\..\external\SDL\SDL_gfx\SDL2_gfxPrimitives.c">
      <Filter>external\SDL\SDL_gfx</Filter>
    </ClCompile>
    <ClCompile Include="..\..\external\SDL\SDL_gfx\SDL2_imageFilter.c">
      <Filter>external\SDL\SDL_gfx</Filter>
    </ClCompile>
    <ClCompile Include="..\..\external\SDL\SDL_gfx\SDL2_rotozoom.c">
      <Filter>external\SDL\SDL_gfx</Filter>
    </ClCompile>
    <ClCompile Include="..\..\external\SDL\SDL_gfx\SDL2_framerate.c">
      <Filter>external\SDL\SDL_gfx</Filter>
    </ClCompile>
    <ClCompile Include="..\..\src\Window\AssetManager.cpp">
      <Filter>src\Window</Filter>
    </ClCompile>
    <ClCompile Include="..\..\src\Window\Viewport.cpp">
      <Filter>src\Window</Filter>
    </ClCompile>
    <ClCompile Include="..\..\src\Actor\AnimationPlayer.cpp">
      <Filter>src\Actor</Filter>
    </ClCompile>
  </ItemGroup>
  <ItemGroup>
    <None Include="..\..\include\GameLibrary\Utilities\BasicString.impl">
      <Filter>include\GameLibrary\Utilities</Filter>
    </None>
  </ItemGroup>
</Project>