<?xml version="1.0" encoding="UTF-8" standalone="yes" ?>
<CodeBlocks_project_file>
	<FileVersion major="1" minor="6" />
	<Project>
		<Option title="GameLibrary" />
		<Option pch_mode="2" />
		<Option compiler="clang" />
		<Build>
			<Target title="Debug">
				<Option output="bin/Debug/GameLibrary" prefix_auto="1" extension_auto="1" />
				<Option working_dir="" />
				<Option object_output="obj/Debug/" />
				<Option type="2" />
				<Option compiler="clang" />
				<Option createDefFile="1" />
				<Compiler>
					<Add option="-std=c++11" />
					<Add option="-g" />
					<Add directory="../../include" />
					<Add directory="../../external/SDL/SDL/include" />
					<Add directory="../../external/SDL/SDL_image" />
					<Add directory="../../external/SDL/SDL_ttf" />
					<Add directory="../../external/SDL/SDL_mixer" />
					<Add directory="../../external/SDL/SDL_gfx" />
					<Add directory="../../external/base64/include" />
					<Add directory="../../external/pugixml/src" />
				</Compiler>
			</Target>
			<Target title="Release">
				<Option output="bin/Release/GameLibrary" prefix_auto="1" extension_auto="1" />
				<Option working_dir="" />
				<Option object_output="obj/Release/" />
				<Option type="2" />
				<Option compiler="clang" />
				<Option createDefFile="1" />
				<Compiler>
					<Add option="-O2" />
					<Add option="-std=c++11" />
					<Add directory="../../include" />
					<Add directory="../../external/SDL/SDL/include" />
					<Add directory="../../external/SDL/SDL_image" />
					<Add directory="../../external/SDL/SDL_ttf" />
					<Add directory="../../external/SDL/SDL_mixer" />
					<Add directory="../../external/SDL/SDL_gfx" />
					<Add directory="../../external/base64/include" />
					<Add directory="../../external/pugixml/src" />
				</Compiler>
				<Linker>
					<Add option="-s" />
				</Linker>
			</Target>
		</Build>
		<Unit filename="../../external/pugixml/src/pugiconfig.hpp" />
		<Unit filename="../../external/pugixml/src/pugixml.cpp" />
		<Unit filename="../../external/pugixml/src/pugixml.hpp" />
		<Unit filename="../../include/GameLibrary/Actor/Actor.hpp" />
		<Unit filename="../../include/GameLibrary/Actor/Animation.hpp" />
		<Unit filename="../../include/GameLibrary/Actor/AnimationPlayer.hpp" />
		<Unit filename="../../include/GameLibrary/Actor/SpriteActor.hpp" />
		<Unit filename="../../include/GameLibrary/Actor/TextActor.hpp" />
		<Unit filename="../../include/GameLibrary/Actor/WireframeActor.hpp" />
		<Unit filename="../../include/GameLibrary/Application/Application.hpp" />
		<Unit filename="../../include/GameLibrary/Application/ApplicationData.hpp" />
		<Unit filename="../../include/GameLibrary/Application/BatchLoader.hpp" />
		<Unit filename="../../include/GameLibrary/Audio/Music.hpp" />
		<Unit filename="../../include/GameLibrary/Audio/Sound.hpp" />
		<Unit filename="../../include/GameLibrary/Exception/BadCastException.hpp" />
		<Unit filename="../../include/GameLibrary/Exception/Exception.hpp" />
		<Unit filename="../../include/GameLibrary/Exception/Graphics/ImageOutOfBoundsException.hpp" />
		<Unit filename="../../include/GameLibrary/Exception/Graphics/TextureImageCreateException.hpp" />
		<Unit filename="../../include/GameLibrary/Exception/Graphics/TextureImageUpdateException.hpp" />
		<Unit filename="../../include/GameLibrary/Exception/Graphics/UnsupportedImageFormatException.hpp" />
		<Unit filename="../../include/GameLibrary/Exception/IllegalArgumentException.hpp" />
		<Unit filename="../../include/GameLibrary/Exception/IllegalStateException.hpp" />
		<Unit filename="../../include/GameLibrary/Exception/InitializeLibraryException.hpp" />
		<Unit filename="../../include/GameLibrary/Exception/NotImplementedException.hpp" />
		<Unit filename="../../include/GameLibrary/Exception/NumberFormatException.hpp" />
		<Unit filename="../../include/GameLibrary/Exception/OutOfBoundsException.hpp" />
		<Unit filename="../../include/GameLibrary/Exception/Screen/ScreenNavigationException.hpp" />
		<Unit filename="../../include/GameLibrary/Exception/Utilities/ArrayListOutOfBoundsException.hpp" />
		<Unit filename="../../include/GameLibrary/Exception/Utilities/BadAnyCastException.hpp" />
		<Unit filename="../../include/GameLibrary/Exception/Utilities/BadNumberCastException.hpp" />
		<Unit filename="../../include/GameLibrary/Exception/Utilities/DataOutOfBoundsException.hpp" />
		<Unit filename="../../include/GameLibrary/Exception/Utilities/DictionaryKeyNotFoundException.hpp" />
		<Unit filename="../../include/GameLibrary/Exception/Utilities/Font/RenderGlyphException.hpp" />
		<Unit filename="../../include/GameLibrary/Exception/Utilities/IllegalNumberOperationException.hpp" />
		<Unit filename="../../include/GameLibrary/Exception/Utilities/StringOutOfBoundsException.hpp" />
		<Unit filename="../../include/GameLibrary/GameLibrary.hpp" />
		<Unit filename="../../include/GameLibrary/Graphics/Color.hpp" />
		<Unit filename="../../include/GameLibrary/Graphics/Graphics.hpp" />
		<Unit filename="../../include/GameLibrary/Graphics/Image.hpp" />
		<Unit filename="../../include/GameLibrary/Graphics/PixelIterator.hpp" />
		<Unit filename="../../include/GameLibrary/Graphics/TextureImage.hpp" />
		<Unit filename="../../include/GameLibrary/IO/Console.hpp" />
		<Unit filename="../../include/GameLibrary/IO/FileTools.hpp" />
		<Unit filename="../../include/GameLibrary/Input/Keyboard.hpp" />
		<Unit filename="../../include/GameLibrary/Input/Mouse.hpp" />
		<Unit filename="../../include/GameLibrary/Input/Multitouch.hpp" />
		<Unit filename="../../include/GameLibrary/Network/NetworkProtocol.hpp" />
		<Unit filename="../../include/GameLibrary/Screen/AutoLayoutCalculator.hpp" />
		<Unit filename="../../include/GameLibrary/Screen/AutoLayoutManager.hpp" />
		<Unit filename="../../include/GameLibrary/Screen/Screen.hpp" />
		<Unit filename="../../include/GameLibrary/Screen/ScreenElement.hpp" />
		<Unit filename="../../include/GameLibrary/Screen/ScreenManager.hpp" />
		<Unit filename="../../include/GameLibrary/Screen/Transition/FadeColorTransition.hpp" />
		<Unit filename="../../include/GameLibrary/Screen/Transition/FadeZoomTransition.hpp" />
		<Unit filename="../../include/GameLibrary/Screen/Transition/PopoverTransition.hpp" />
		<Unit filename="../../include/GameLibrary/Screen/Transition/SlideTransition.hpp" />
		<Unit filename="../../include/GameLibrary/Screen/Transition/Transition.hpp" />
		<Unit filename="../../include/GameLibrary/Screen/UI/ActorMenuElement.hpp" />
		<Unit filename="../../include/GameLibrary/Screen/UI/AnimationElement.hpp" />
		<Unit filename="../../include/GameLibrary/Screen/UI/ButtonElement.hpp" />
		<Unit filename="../../include/GameLibrary/Screen/UI/CheckboxElement.hpp" />
		<Unit filename="../../include/GameLibrary/Screen/UI/ImageElement.hpp" />
		<Unit filename="../../include/GameLibrary/Screen/UI/MenuScreen.hpp" />
		<Unit filename="../../include/GameLibrary/Screen/UI/PopupScreen.hpp" />
		<Unit filename="../../include/GameLibrary/Screen/UI/SegmentedSelectorElement.hpp" />
		<Unit filename="../../include/GameLibrary/Screen/UI/TextElement.hpp" />
		<Unit filename="../../include/GameLibrary/Screen/UI/TextInputElement.hpp" />
		<Unit filename="../../include/GameLibrary/Screen/UI/TouchElement.hpp" />
		<Unit filename="../../include/GameLibrary/Screen/UI/ZoomPanElement.hpp" />
		<Unit filename="../../include/GameLibrary/Types.hpp" />
		<Unit filename="../../include/GameLibrary/Utilities/Any.hpp" />
		<Unit filename="../../include/GameLibrary/Utilities/ArrayList.hpp" />
		<Unit filename="../../include/GameLibrary/Utilities/BasicString.hpp" />
		<Unit filename="../../include/GameLibrary/Utilities/Data.hpp" />
		<Unit filename="../../include/GameLibrary/Utilities/Dictionary.hpp" />
		<Unit filename="../../include/GameLibrary/Utilities/Font/Font.hpp" />
		<Unit filename="../../include/GameLibrary/Utilities/Font/RenderedGlyphContainer.hpp" />
		<Unit filename="../../include/GameLibrary/Utilities/Geometry/Circle.hpp" />
		<Unit filename="../../include/GameLibrary/Utilities/Geometry/Line.hpp" />
		<Unit filename="../../include/GameLibrary/Utilities/Geometry/Polygon.hpp" />
		<Unit filename="../../include/GameLibrary/Utilities/Geometry/Rectangle.hpp" />
		<Unit filename="../../include/GameLibrary/Utilities/Geometry/Transform.hpp" />
		<Unit filename="../../include/GameLibrary/Utilities/Geometry/ValueEase.hpp" />
		<Unit filename="../../include/GameLibrary/Utilities/Geometry/Vector2.hpp" />
		<Unit filename="../../include/GameLibrary/Utilities/Geometry/Vector3.hpp" />
		<Unit filename="../../include/GameLibrary/Utilities/Math.hpp" />
		<Unit filename="../../include/GameLibrary/Utilities/Number.hpp" />
		<Unit filename="../../include/GameLibrary/Utilities/PlatformChecks.hpp" />
		<Unit filename="../../include/GameLibrary/Utilities/Plist.hpp" />
		<Unit filename="../../include/GameLibrary/Utilities/String.hpp" />
		<Unit filename="../../include/GameLibrary/Utilities/Stringifier.hpp" />
		<Unit filename="../../include/GameLibrary/Utilities/Thread.hpp" />
		<Unit filename="../../include/GameLibrary/Utilities/Time/DateTime.hpp" />
		<Unit filename="../../include/GameLibrary/Utilities/Time/TimeInterval.hpp" />
		<Unit filename="../../include/GameLibrary/Utilities/Tools.hpp" />
		<Unit filename="../../include/GameLibrary/Window/AssetManager.hpp" />
		<Unit filename="../../include/GameLibrary/Window/MessageBox.hpp" />
		<Unit filename="../../include/GameLibrary/Window/Viewport.hpp" />
		<Unit filename="../../include/GameLibrary/Window/Window.hpp" />
		<Unit filename="../../src/Actor/Actor.cpp" />
		<Unit filename="../../src/Actor/Animation.cpp" />
		<Unit filename="../../src/Actor/AnimationPlayer.cpp" />
		<Unit filename="../../src/Actor/SpriteActor.cpp" />
		<Unit filename="../../src/Actor/TextActor.cpp" />
		<Unit filename="../../src/Actor/WireframeActor.cpp" />
		<Unit filename="../../src/Application/Application.cpp" />
		<Unit filename="../../src/Application/ApplicationData.cpp" />
		<Unit filename="../../src/Application/BatchLoader.cpp" />
		<Unit filename="../../src/Application/EventManager.cpp" />
		<Unit filename="../../src/Application/EventManager.hpp" />
		<Unit filename="../../src/Audio/Music.cpp" />
		<Unit filename="../../src/Audio/Sound.cpp" />
		<Unit filename="../../src/Exception/BadCastException.cpp" />
		<Unit filename="../../src/Exception/Exception.cpp" />
		<Unit filename="../../src/Exception/ExceptionMacros.hpp" />
		<Unit filename="../../src/Exception/Graphics/ImageOutOfBoundsException.cpp" />
		<Unit filename="../../src/Exception/Graphics/TextureImageCreateException.cpp" />
		<Unit filename="../../src/Exception/Graphics/TextureImageUpdateException.cpp" />
		<Unit filename="../../src/Exception/Graphics/UnsupportedImageFormatException.cpp" />
		<Unit filename="../../src/Exception/IllegalArgumentException.cpp" />
		<Unit filename="../../src/Exception/IllegalStateException.cpp" />
		<Unit filename="../../src/Exception/InitializeLibraryException.cpp" />
		<Unit filename="../../src/Exception/NotImplementedException.cpp" />
		<Unit filename="../../src/Exception/NumberFormatException.cpp" />
		<Unit filename="../../src/Exception/OutOfBoundsException.cpp" />
		<Unit filename="../../src/Exception/Screen/ScreenNavigationException.cpp" />
		<Unit filename="../../src/Exception/Utilities/ArrayListOutOfBoundsException.cpp" />
		<Unit filename="../../src/Exception/Utilities/BadAnyCastException.cpp" />
		<Unit filename="../../src/Exception/Utilities/BadNumberCastException.cpp" />
		<Unit filename="../../src/Exception/Utilities/DataOutOfBoundsException.cpp" />
		<Unit filename="../../src/Exception/Utilities/DictionaryKeyNotFoundException.cpp" />
		<Unit filename="../../src/Exception/Utilities/Font/RenderGlyphException.cpp" />
		<Unit filename="../../src/Exception/Utilities/IllegalNumberOperationException.cpp" />
		<Unit filename="../../src/Exception/Utilities/StringOutOfBoundsException.cpp" />
		<Unit filename="../../src/GameLibrary.cpp" />
		<Unit filename="../../src/Graphics/Color.cpp" />
		<Unit filename="../../src/Graphics/Graphics.cpp" />
		<Unit filename="../../src/Graphics/Image.cpp" />
		<Unit filename="../../src/Graphics/PixelIterator.cpp" />
		<Unit filename="../../src/Graphics/TextureImage.cpp" />
		<Unit filename="../../src/IO/Console.cpp" />
		<Unit filename="../../src/IO/FileTools.cpp" />
		<Unit filename="../../src/Input/Keyboard.cpp" />
		<Unit filename="../../src/Input/Mouse.cpp" />
		<Unit filename="../../src/Input/Multitouch.cpp" />
		<Unit filename="../../src/Network/NetworkProtocol.cpp" />
		<Unit filename="../../src/PlatformSpecific/iOS/SystemVersionMacros.h" />
		<Unit filename="../../src/PlatformSpecific/iOS/iOSUtils.h" />
		<Unit filename="../../src/SDL_ext/SDL_RWops_ext.cpp" />
		<Unit filename="../../src/SDL_ext/SDL_RWops_ext.hpp" />
		<Unit filename="../../src/Screen/AutoLayoutCalculator.cpp" />
		<Unit filename="../../src/Screen/AutoLayoutManager.cpp" />
		<Unit filename="../../src/Screen/Screen.cpp" />
		<Unit filename="../../src/Screen/ScreenElement.cpp" />
		<Unit filename="../../src/Screen/ScreenManager.cpp" />
		<Unit filename="../../src/Screen/Transition/FadeColorTransition.cpp" />
		<Unit filename="../../src/Screen/Transition/FadeZoomTransition.cpp" />
		<Unit filename="../../src/Screen/Transition/PopoverTransition.cpp" />
		<Unit filename="../../src/Screen/Transition/SlideTransition.cpp" />
		<Unit filename="../../src/Screen/UI/ActorMenuElement.cpp" />
		<Unit filename="../../src/Screen/UI/AnimationElement.cpp" />
		<Unit filename="../../src/Screen/UI/ButtonElement.cpp" />
		<Unit filename="../../src/Screen/UI/CheckboxElement.cpp" />
		<Unit filename="../../src/Screen/UI/ImageElement.cpp" />
		<Unit filename="../../src/Screen/UI/MenuScreen.cpp" />
		<Unit filename="../../src/Screen/UI/PopupScreen.cpp" />
		<Unit filename="../../src/Screen/UI/SegmentedSelectorElement.cpp" />
		<Unit filename="../../src/Screen/UI/TextElement.cpp" />
		<Unit filename="../../src/Screen/UI/TextInputElement.cpp" />
		<Unit filename="../../src/Screen/UI/TouchElement.cpp" />
		<Unit filename="../../src/Screen/UI/ZoomPanElement.cpp" />
		<Unit filename="../../src/Utilities/Data.cpp" />
		<Unit filename="../../src/Utilities/Font/Font.cpp" />
		<Unit filename="../../src/Utilities/Font/RenderedGlyphContainer.cpp" />
		<Unit filename="../../src/Utilities/Math.cpp" />
		<Unit filename="../../src/Utilities/Number.cpp" />
		<Unit filename="../../src/Utilities/Plist.cpp" />
		<Unit filename="../../src/Utilities/Thread.cpp" />
		<Unit filename="../../src/Utilities/Time/DateTime.cpp" />
		<Unit filename="../../src/Utilities/Time/TimeInterval.cpp" />
		<Unit filename="../../src/Utilities/Tools.cpp" />
		<Unit filename="../../src/Window/AssetManager.cpp" />
		<Unit filename="../../src/Window/MessageBox.cpp" />
		<Unit filename="../../src/Window/Viewport.cpp" />
		<Unit filename="../../src/Window/Window.cpp" />
		<Extensions>
			<code_completion />
			<debugger />
		</Extensions>
	</Project>
</CodeBlocks_project_file>
