// !$*UTF8*$!
{
	archiveVersion = 1;
	classes = {
	};
	objectVersion = 46;
	objects = {

/* Begin PBXBuildFile section */
		A0298F861CCF492C00886B06 /* pugixml.cpp in Sources */ = {isa = PBXBuildFile; fileRef = A039DA481CCDE86A00B0B5DA /* pugixml.cpp */; };
		A0298F881CCF495D00886B06 /* Number.cpp in Sources */ = {isa = PBXBuildFile; fileRef = A0298F871CCF495D00886B06 /* Number.cpp */; };
		A039DB1C1CCDE89E00B0B5DA /* Actor.cpp in Sources */ = {isa = PBXBuildFile; fileRef = A039DAB91CCDE89E00B0B5DA /* Actor.cpp */; };
		A039DB1D1CCDE89E00B0B5DA /* Animation.cpp in Sources */ = {isa = PBXBuildFile; fileRef = A039DABA1CCDE89E00B0B5DA /* Animation.cpp */; };
		A039DB1E1CCDE89E00B0B5DA /* SpriteActor.cpp in Sources */ = {isa = PBXBuildFile; fileRef = A039DABB1CCDE89E00B0B5DA /* SpriteActor.cpp */; };
		A039DB1F1CCDE89E00B0B5DA /* TextActor.cpp in Sources */ = {isa = PBXBuildFile; fileRef = A039DABC1CCDE89E00B0B5DA /* TextActor.cpp */; };
		A039DB201CCDE89E00B0B5DA /* WireframeActor.cpp in Sources */ = {isa = PBXBuildFile; fileRef = A039DABD1CCDE89E00B0B5DA /* WireframeActor.cpp */; };
		A039DB211CCDE89E00B0B5DA /* Application.cpp in Sources */ = {isa = PBXBuildFile; fileRef = A039DABF1CCDE89E00B0B5DA /* Application.cpp */; };
		A039DB221CCDE89E00B0B5DA /* ApplicationData.cpp in Sources */ = {isa = PBXBuildFile; fileRef = A039DAC01CCDE89E00B0B5DA /* ApplicationData.cpp */; };
		A039DB241CCDE89E00B0B5DA /* BatchLoader.cpp in Sources */ = {isa = PBXBuildFile; fileRef = A039DAC21CCDE89E00B0B5DA /* BatchLoader.cpp */; };
		A039DB251CCDE89E00B0B5DA /* EventManager.cpp in Sources */ = {isa = PBXBuildFile; fileRef = A039DAC31CCDE89E00B0B5DA /* EventManager.cpp */; };
		A039DB261CCDE89E00B0B5DA /* Music.cpp in Sources */ = {isa = PBXBuildFile; fileRef = A039DAC61CCDE89E00B0B5DA /* Music.cpp */; };
		A039DB271CCDE89E00B0B5DA /* Sound.cpp in Sources */ = {isa = PBXBuildFile; fileRef = A039DAC71CCDE89E00B0B5DA /* Sound.cpp */; };
		A039DB281CCDE89E00B0B5DA /* BadCastException.cpp in Sources */ = {isa = PBXBuildFile; fileRef = A039DAC91CCDE89E00B0B5DA /* BadCastException.cpp */; };
		A039DB291CCDE89E00B0B5DA /* Exception.cpp in Sources */ = {isa = PBXBuildFile; fileRef = A039DACA1CCDE89E00B0B5DA /* Exception.cpp */; };
		A039DB2A1CCDE89E00B0B5DA /* ImageOutOfBoundsException.cpp in Sources */ = {isa = PBXBuildFile; fileRef = A039DACD1CCDE89E00B0B5DA /* ImageOutOfBoundsException.cpp */; };
		A039DB2B1CCDE89E00B0B5DA /* TextureImageCreateException.cpp in Sources */ = {isa = PBXBuildFile; fileRef = A039DACE1CCDE89E00B0B5DA /* TextureImageCreateException.cpp */; };
		A039DB2C1CCDE89E00B0B5DA /* TextureImageUpdateException.cpp in Sources */ = {isa = PBXBuildFile; fileRef = A039DACF1CCDE89E00B0B5DA /* TextureImageUpdateException.cpp */; };
		A039DB2D1CCDE89E00B0B5DA /* UnsupportedImageFormatException.cpp in Sources */ = {isa = PBXBuildFile; fileRef = A039DAD01CCDE89E00B0B5DA /* UnsupportedImageFormatException.cpp */; };
		A039DB2E1CCDE89E00B0B5DA /* IllegalArgumentException.cpp in Sources */ = {isa = PBXBuildFile; fileRef = A039DAD11CCDE89E00B0B5DA /* IllegalArgumentException.cpp */; };
		A039DB2F1CCDE89E00B0B5DA /* IllegalStateException.cpp in Sources */ = {isa = PBXBuildFile; fileRef = A039DAD21CCDE89E00B0B5DA /* IllegalStateException.cpp */; };
		A039DB301CCDE89E00B0B5DA /* InitializeLibraryException.cpp in Sources */ = {isa = PBXBuildFile; fileRef = A039DAD31CCDE89E00B0B5DA /* InitializeLibraryException.cpp */; };
		A039DB311CCDE89E00B0B5DA /* NumberFormatException.cpp in Sources */ = {isa = PBXBuildFile; fileRef = A039DAD41CCDE89E00B0B5DA /* NumberFormatException.cpp */; };
		A039DB321CCDE89E00B0B5DA /* OutOfBoundsException.cpp in Sources */ = {isa = PBXBuildFile; fileRef = A039DAD51CCDE89E00B0B5DA /* OutOfBoundsException.cpp */; };
		A039DB331CCDE89E00B0B5DA /* ScreenNavigationException.cpp in Sources */ = {isa = PBXBuildFile; fileRef = A039DAD71CCDE89E00B0B5DA /* ScreenNavigationException.cpp */; };
		A039DB341CCDE89E00B0B5DA /* ArrayListOutOfBoundsException.cpp in Sources */ = {isa = PBXBuildFile; fileRef = A039DAD91CCDE89E00B0B5DA /* ArrayListOutOfBoundsException.cpp */; };
		A039DB351CCDE89E00B0B5DA /* BadAnyCastException.cpp in Sources */ = {isa = PBXBuildFile; fileRef = A039DADA1CCDE89E00B0B5DA /* BadAnyCastException.cpp */; };
		A039DB361CCDE89E00B0B5DA /* BadNumberCastException.cpp in Sources */ = {isa = PBXBuildFile; fileRef = A039DADB1CCDE89E00B0B5DA /* BadNumberCastException.cpp */; };
		A039DB371CCDE89E00B0B5DA /* DataOutOfBoundsException.cpp in Sources */ = {isa = PBXBuildFile; fileRef = A039DADC1CCDE89E00B0B5DA /* DataOutOfBoundsException.cpp */; };
		A039DB381CCDE89E00B0B5DA /* RenderGlyphException.cpp in Sources */ = {isa = PBXBuildFile; fileRef = A039DADE1CCDE89E00B0B5DA /* RenderGlyphException.cpp */; };
		A039DB391CCDE89E00B0B5DA /* IllegalNumberOperationException.cpp in Sources */ = {isa = PBXBuildFile; fileRef = A039DADF1CCDE89E00B0B5DA /* IllegalNumberOperationException.cpp */; };
		A039DB3A1CCDE89E00B0B5DA /* StringOutOfBoundsException.cpp in Sources */ = {isa = PBXBuildFile; fileRef = A039DAE01CCDE89E00B0B5DA /* StringOutOfBoundsException.cpp */; };
		A039DB3B1CCDE89E00B0B5DA /* GameLibrary.cpp in Sources */ = {isa = PBXBuildFile; fileRef = A039DAE11CCDE89E00B0B5DA /* GameLibrary.cpp */; };
		A039DB3C1CCDE89E00B0B5DA /* Color.cpp in Sources */ = {isa = PBXBuildFile; fileRef = A039DAE31CCDE89E00B0B5DA /* Color.cpp */; };
		A039DB3D1CCDE89E00B0B5DA /* Graphics.cpp in Sources */ = {isa = PBXBuildFile; fileRef = A039DAE41CCDE89E00B0B5DA /* Graphics.cpp */; };
		A039DB3E1CCDE89E00B0B5DA /* Image.cpp in Sources */ = {isa = PBXBuildFile; fileRef = A039DAE51CCDE89E00B0B5DA /* Image.cpp */; };
		A039DB3F1CCDE89E00B0B5DA /* PixelIterator.cpp in Sources */ = {isa = PBXBuildFile; fileRef = A039DAE61CCDE89E00B0B5DA /* PixelIterator.cpp */; };
		A039DB401CCDE89E00B0B5DA /* TextureImage.cpp in Sources */ = {isa = PBXBuildFile; fileRef = A039DAE71CCDE89E00B0B5DA /* TextureImage.cpp */; };
		A039DB411CCDE89E00B0B5DA /* Keyboard.cpp in Sources */ = {isa = PBXBuildFile; fileRef = A039DAE91CCDE89E00B0B5DA /* Keyboard.cpp */; };
		A039DB421CCDE89E00B0B5DA /* Mouse.cpp in Sources */ = {isa = PBXBuildFile; fileRef = A039DAEA1CCDE89E00B0B5DA /* Mouse.cpp */; };
		A039DB431CCDE89E00B0B5DA /* Multitouch.cpp in Sources */ = {isa = PBXBuildFile; fileRef = A039DAEB1CCDE89E00B0B5DA /* Multitouch.cpp */; };
		A039DB441CCDE89E00B0B5DA /* Console.cpp in Sources */ = {isa = PBXBuildFile; fileRef = A039DAED1CCDE89E00B0B5DA /* Console.cpp */; };
		A039DB451CCDE89E00B0B5DA /* FileTools.cpp in Sources */ = {isa = PBXBuildFile; fileRef = A039DAEE1CCDE89E00B0B5DA /* FileTools.cpp */; };
		A039DB461CCDE89E00B0B5DA /* FileTools.mm in Sources */ = {isa = PBXBuildFile; fileRef = A039DAEF1CCDE89E00B0B5DA /* FileTools.mm */; };
		A039DB471CCDE89E00B0B5DA /* NetworkProtocol.cpp in Sources */ = {isa = PBXBuildFile; fileRef = A039DAF11CCDE89E00B0B5DA /* NetworkProtocol.cpp */; };
		A039DB481CCDE89E00B0B5DA /* AutoLayoutCalculator.cpp in Sources */ = {isa = PBXBuildFile; fileRef = A039DAF31CCDE89E00B0B5DA /* AutoLayoutCalculator.cpp */; };
		A039DB491CCDE89E00B0B5DA /* AutoLayoutManager.cpp in Sources */ = {isa = PBXBuildFile; fileRef = A039DAF41CCDE89E00B0B5DA /* AutoLayoutManager.cpp */; };
		A039DB4A1CCDE89E00B0B5DA /* Screen.cpp in Sources */ = {isa = PBXBuildFile; fileRef = A039DAF51CCDE89E00B0B5DA /* Screen.cpp */; };
		A039DB4B1CCDE89E00B0B5DA /* ScreenElement.cpp in Sources */ = {isa = PBXBuildFile; fileRef = A039DAF61CCDE89E00B0B5DA /* ScreenElement.cpp */; };
		A039DB4C1CCDE89E00B0B5DA /* ScreenManager.cpp in Sources */ = {isa = PBXBuildFile; fileRef = A039DAF71CCDE89E00B0B5DA /* ScreenManager.cpp */; };
		A039DB4D1CCDE89E00B0B5DA /* FadeColorTransition.cpp in Sources */ = {isa = PBXBuildFile; fileRef = A039DAF91CCDE89E00B0B5DA /* FadeColorTransition.cpp */; };
		A039DB4E1CCDE89E00B0B5DA /* FadeZoomTransition.cpp in Sources */ = {isa = PBXBuildFile; fileRef = A039DAFA1CCDE89E00B0B5DA /* FadeZoomTransition.cpp */; };
		A039DB4F1CCDE89E00B0B5DA /* PopoverTransition.cpp in Sources */ = {isa = PBXBuildFile; fileRef = A039DAFB1CCDE89E00B0B5DA /* PopoverTransition.cpp */; };
		A039DB501CCDE89E00B0B5DA /* SlideTransition.cpp in Sources */ = {isa = PBXBuildFile; fileRef = A039DAFC1CCDE89E00B0B5DA /* SlideTransition.cpp */; };
		A039DB511CCDE89E00B0B5DA /* ActorMenuElement.cpp in Sources */ = {isa = PBXBuildFile; fileRef = A039DAFE1CCDE89E00B0B5DA /* ActorMenuElement.cpp */; };
		A039DB521CCDE89E00B0B5DA /* ImageElement.cpp in Sources */ = {isa = PBXBuildFile; fileRef = A039DAFF1CCDE89E00B0B5DA /* ImageElement.cpp */; };
		A039DB531CCDE89E00B0B5DA /* MenuScreen.cpp in Sources */ = {isa = PBXBuildFile; fileRef = A039DB001CCDE89E00B0B5DA /* MenuScreen.cpp */; };
		A039DB541CCDE89E00B0B5DA /* TextInputElement.cpp in Sources */ = {isa = PBXBuildFile; fileRef = A039DB011CCDE89E00B0B5DA /* TextInputElement.cpp */; };
		A039DB551CCDE89E00B0B5DA /* TouchElement.cpp in Sources */ = {isa = PBXBuildFile; fileRef = A039DB021CCDE89E00B0B5DA /* TouchElement.cpp */; };
		A039DB561CCDE89E00B0B5DA /* ZoomPanElement.cpp in Sources */ = {isa = PBXBuildFile; fileRef = A039DB031CCDE89E00B0B5DA /* ZoomPanElement.cpp */; };
		A039DB571CCDE89E00B0B5DA /* Data.cpp in Sources */ = {isa = PBXBuildFile; fileRef = A039DB051CCDE89E00B0B5DA /* Data.cpp */; };
		A039DB591CCDE89E00B0B5DA /* Font.cpp in Sources */ = {isa = PBXBuildFile; fileRef = A039DB081CCDE89E00B0B5DA /* Font.cpp */; };
		A039DB5A1CCDE89E00B0B5DA /* RenderedGlyphContainer.cpp in Sources */ = {isa = PBXBuildFile; fileRef = A039DB091CCDE89E00B0B5DA /* RenderedGlyphContainer.cpp */; };
		A039DB5B1CCDE89E00B0B5DA /* Math.cpp in Sources */ = {isa = PBXBuildFile; fileRef = A039DB0A1CCDE89E00B0B5DA /* Math.cpp */; };
		A039DB5D1CCDE89E00B0B5DA /* Thread.cpp in Sources */ = {isa = PBXBuildFile; fileRef = A039DB0C1CCDE89E00B0B5DA /* Thread.cpp */; };
		A039DB5E1CCDE89E00B0B5DA /* DateTime.cpp in Sources */ = {isa = PBXBuildFile; fileRef = A039DB0E1CCDE89E00B0B5DA /* DateTime.cpp */; };
		A039DB5F1CCDE89E00B0B5DA /* posixtime.cpp in Sources */ = {isa = PBXBuildFile; fileRef = A039DB0F1CCDE89E00B0B5DA /* posixtime.cpp */; };
		A039DB601CCDE89E00B0B5DA /* time64.c in Sources */ = {isa = PBXBuildFile; fileRef = A039DB121CCDE89E00B0B5DA /* time64.c */; };
		A039DB611CCDE89E00B0B5DA /* TimeInterval.cpp in Sources */ = {isa = PBXBuildFile; fileRef = A039DB161CCDE89E00B0B5DA /* TimeInterval.cpp */; };
		A039DB621CCDE89E00B0B5DA /* MessageBox.cpp in Sources */ = {isa = PBXBuildFile; fileRef = A039DB181CCDE89E00B0B5DA /* MessageBox.cpp */; };
		A039DB631CCDE89E00B0B5DA /* MessageBox.mm in Sources */ = {isa = PBXBuildFile; fileRef = A039DB191CCDE89E00B0B5DA /* MessageBox.mm */; };
		A039DB651CCDE89E00B0B5DA /* Window.cpp in Sources */ = {isa = PBXBuildFile; fileRef = A039DB1B1CCDE89E00B0B5DA /* Window.cpp */; };
		A05D79A91CD4660300456C8E /* NotImplementedException.cpp in Sources */ = {isa = PBXBuildFile; fileRef = A05D79A81CD4660300456C8E /* NotImplementedException.cpp */; };
		A05D79AB1CD4661E00456C8E /* DictionaryKeyNotFoundException.cpp in Sources */ = {isa = PBXBuildFile; fileRef = A05D79AA1CD4661E00456C8E /* DictionaryKeyNotFoundException.cpp */; };
		F14465141E675F920088EAA3 /* libSDL2_image.a in Frameworks */ = {isa = PBXBuildFile; fileRef = F14962471E2415CF00C37F22 /* libSDL2_image.a */; };
		F14465151E675F920088EAA3 /* libSDL2_mixer.a in Frameworks */ = {isa = PBXBuildFile; fileRef = F149624D1E2415F400C37F22 /* libSDL2_mixer.a */; };
		F14465161E675F920088EAA3 /* libSDL2_ttf.a in Frameworks */ = {isa = PBXBuildFile; fileRef = F14962531E2415FE00C37F22 /* libSDL2_ttf.a */; };
		F14465171E675F920088EAA3 /* libSDL2.a in Frameworks */ = {isa = PBXBuildFile; fileRef = F14962391E24140C00C37F22 /* libSDL2.a */; };
		F15BC3881E4378B7001910A4 /* SDL2_framerate.c in Sources */ = {isa = PBXBuildFile; fileRef = F15BC37F1E4378B7001910A4 /* SDL2_framerate.c */; };
		F15BC3891E4378B7001910A4 /* SDL2_gfxPrimitives.c in Sources */ = {isa = PBXBuildFile; fileRef = F15BC3821E4378B7001910A4 /* SDL2_gfxPrimitives.c */; };
		F15BC38A1E4378B7001910A4 /* SDL2_imageFilter.c in Sources */ = {isa = PBXBuildFile; fileRef = F15BC3841E4378B7001910A4 /* SDL2_imageFilter.c */; };
		F15BC38B1E4378B7001910A4 /* SDL2_rotozoom.c in Sources */ = {isa = PBXBuildFile; fileRef = F15BC3861E4378B7001910A4 /* SDL2_rotozoom.c */; };
		F15F32251E2573C100710AC8 /* Plist.cpp in Sources */ = {isa = PBXBuildFile; fileRef = F15F32241E2573C100710AC8 /* Plist.cpp */; };
		F15F32271E2573C600710AC8 /* Tools.cpp in Sources */ = {isa = PBXBuildFile; fileRef = F15F32261E2573C600710AC8 /* Tools.cpp */; };
		F16DB5911E7088C700AB31DE /* AnimationElement.cpp in Sources */ = {isa = PBXBuildFile; fileRef = F16DB5901E7088C700AB31DE /* AnimationElement.cpp */; };
		F16DB59B1E708DC600AB31DE /* AnimationPlayer.cpp in Sources */ = {isa = PBXBuildFile; fileRef = F16DB59A1E708DC600AB31DE /* AnimationPlayer.cpp */; };
		F17D96E61E6DB59C003F4D85 /* AssetManager.cpp in Sources */ = {isa = PBXBuildFile; fileRef = F17D96E51E6DB59C003F4D85 /* AssetManager.cpp */; };
		F17D96E81E6DB5A1003F4D85 /* Viewport.cpp in Sources */ = {isa = PBXBuildFile; fileRef = F17D96E71E6DB5A1003F4D85 /* Viewport.cpp */; };
/* End PBXBuildFile section */

/* Begin PBXContainerItemProxy section */
		F14962381E24140C00C37F22 /* PBXContainerItemProxy */ = {
			isa = PBXContainerItemProxy;
			containerPortal = F14962321E24140B00C37F22 /* SDL.xcodeproj */;
			proxyType = 2;
			remoteGlobalIDString = FD6526630DE8FCCB002AD96B;
			remoteInfo = libSDL;
		};
		F149623A1E24140C00C37F22 /* PBXContainerItemProxy */ = {
			isa = PBXContainerItemProxy;
			containerPortal = F14962321E24140B00C37F22 /* SDL.xcodeproj */;
			proxyType = 2;
			remoteGlobalIDString = FAB598141BB5C1B100BE72C5;
			remoteInfo = "libSDL-tv";
		};
		F14962461E2415CF00C37F22 /* PBXContainerItemProxy */ = {
			isa = PBXContainerItemProxy;
			containerPortal = F149623F1E2415CF00C37F22 /* SDL_image.xcodeproj */;
			proxyType = 2;
			remoteGlobalIDString = BE1FA74107AF4C45004B6283;
			remoteInfo = libSDL_image;
		};
		F149624C1E2415F400C37F22 /* PBXContainerItemProxy */ = {
			isa = PBXContainerItemProxy;
			containerPortal = F14962481E2415F400C37F22 /* SDL_mixer.xcodeproj */;
			proxyType = 2;
			remoteGlobalIDString = BE1FA95407AF96B2004B6283;
			remoteInfo = "Static Library";
		};
		F14962521E2415FE00C37F22 /* PBXContainerItemProxy */ = {
			isa = PBXContainerItemProxy;
			containerPortal = F149624E1E2415FE00C37F22 /* SDL_ttf.xcodeproj */;
			proxyType = 2;
			remoteGlobalIDString = BE48FD6E07AFA17000BB41DA;
			remoteInfo = "Static Library";
		};
/* End PBXContainerItemProxy section */

/* Begin PBXCopyFilesBuildPhase section */
		A039D8251CCDE2D500B0B5DA /* CopyFiles */ = {
			isa = PBXCopyFilesBuildPhase;
			buildActionMask = 2147483647;
			dstPath = "include/$(PRODUCT_NAME)";
			dstSubfolderSpec = 16;
			files = (
			);
			runOnlyForDeploymentPostprocessing = 0;
		};
/* End PBXCopyFilesBuildPhase section */

/* Begin PBXFileReference section */
		A0298F871CCF495D00886B06 /* Number.cpp */ = {isa = PBXFileReference; fileEncoding = 4; lastKnownFileType = sourcecode.cpp.cpp; path = Number.cpp; sourceTree = "<group>"; };
		A039D8271CCDE2D500B0B5DA /* libGameLibrary.a */ = {isa = PBXFileReference; explicitFileType = archive.ar; includeInIndex = 0; path = libGameLibrary.a; sourceTree = BUILT_PRODUCTS_DIR; };
		A039D9D01CCDE80800B0B5DA /* Actor.hpp */ = {isa = PBXFileReference; lastKnownFileType = sourcecode.cpp.h; path = Actor.hpp; sourceTree = "<group>"; };
		A039D9D11CCDE80800B0B5DA /* Animation.hpp */ = {isa = PBXFileReference; lastKnownFileType = sourcecode.cpp.h; path = Animation.hpp; sourceTree = "<group>"; };
		A039D9D21CCDE80800B0B5DA /* SpriteActor.hpp */ = {isa = PBXFileReference; lastKnownFileType = sourcecode.cpp.h; path = SpriteActor.hpp; sourceTree = "<group>"; };
		A039D9D31CCDE80800B0B5DA /* TextActor.hpp */ = {isa = PBXFileReference; lastKnownFileType = sourcecode.cpp.h; path = TextActor.hpp; sourceTree = "<group>"; };
		A039D9D41CCDE80800B0B5DA /* WireframeActor.hpp */ = {isa = PBXFileReference; lastKnownFileType = sourcecode.cpp.h; path = WireframeActor.hpp; sourceTree = "<group>"; };
		A039D9D61CCDE80800B0B5DA /* Application.hpp */ = {isa = PBXFileReference; lastKnownFileType = sourcecode.cpp.h; path = Application.hpp; sourceTree = "<group>"; };
		A039D9D71CCDE80800B0B5DA /* ApplicationData.hpp */ = {isa = PBXFileReference; lastKnownFileType = sourcecode.cpp.h; path = ApplicationData.hpp; sourceTree = "<group>"; };
		A039D9D91CCDE80800B0B5DA /* BatchLoader.hpp */ = {isa = PBXFileReference; lastKnownFileType = sourcecode.cpp.h; path = BatchLoader.hpp; sourceTree = "<group>"; };
		A039D9DB1CCDE80800B0B5DA /* Music.hpp */ = {isa = PBXFileReference; lastKnownFileType = sourcecode.cpp.h; path = Music.hpp; sourceTree = "<group>"; };
		A039D9DC1CCDE80800B0B5DA /* Sound.hpp */ = {isa = PBXFileReference; lastKnownFileType = sourcecode.cpp.h; path = Sound.hpp; sourceTree = "<group>"; };
		A039D9DE1CCDE80800B0B5DA /* BadCastException.hpp */ = {isa = PBXFileReference; lastKnownFileType = sourcecode.cpp.h; path = BadCastException.hpp; sourceTree = "<group>"; };
		A039D9DF1CCDE80800B0B5DA /* Exception.hpp */ = {isa = PBXFileReference; lastKnownFileType = sourcecode.cpp.h; path = Exception.hpp; sourceTree = "<group>"; };
		A039D9E11CCDE80800B0B5DA /* ImageOutOfBoundsException.hpp */ = {isa = PBXFileReference; lastKnownFileType = sourcecode.cpp.h; path = ImageOutOfBoundsException.hpp; sourceTree = "<group>"; };
		A039D9E21CCDE80800B0B5DA /* TextureImageCreateException.hpp */ = {isa = PBXFileReference; lastKnownFileType = sourcecode.cpp.h; path = TextureImageCreateException.hpp; sourceTree = "<group>"; };
		A039D9E31CCDE80800B0B5DA /* TextureImageUpdateException.hpp */ = {isa = PBXFileReference; lastKnownFileType = sourcecode.cpp.h; path = TextureImageUpdateException.hpp; sourceTree = "<group>"; };
		A039D9E41CCDE80800B0B5DA /* UnsupportedImageFormatException.hpp */ = {isa = PBXFileReference; lastKnownFileType = sourcecode.cpp.h; path = UnsupportedImageFormatException.hpp; sourceTree = "<group>"; };
		A039D9E51CCDE80800B0B5DA /* IllegalArgumentException.hpp */ = {isa = PBXFileReference; lastKnownFileType = sourcecode.cpp.h; path = IllegalArgumentException.hpp; sourceTree = "<group>"; };
		A039D9E61CCDE80800B0B5DA /* IllegalStateException.hpp */ = {isa = PBXFileReference; lastKnownFileType = sourcecode.cpp.h; path = IllegalStateException.hpp; sourceTree = "<group>"; };
		A039D9E71CCDE80800B0B5DA /* InitializeLibraryException.hpp */ = {isa = PBXFileReference; lastKnownFileType = sourcecode.cpp.h; path = InitializeLibraryException.hpp; sourceTree = "<group>"; };
		A039D9E81CCDE80800B0B5DA /* NumberFormatException.hpp */ = {isa = PBXFileReference; lastKnownFileType = sourcecode.cpp.h; path = NumberFormatException.hpp; sourceTree = "<group>"; };
		A039D9E91CCDE80800B0B5DA /* OutOfBoundsException.hpp */ = {isa = PBXFileReference; lastKnownFileType = sourcecode.cpp.h; path = OutOfBoundsException.hpp; sourceTree = "<group>"; };
		A039D9EB1CCDE80800B0B5DA /* ScreenNavigationException.hpp */ = {isa = PBXFileReference; lastKnownFileType = sourcecode.cpp.h; path = ScreenNavigationException.hpp; sourceTree = "<group>"; };
		A039D9ED1CCDE80800B0B5DA /* ArrayListOutOfBoundsException.hpp */ = {isa = PBXFileReference; lastKnownFileType = sourcecode.cpp.h; path = ArrayListOutOfBoundsException.hpp; sourceTree = "<group>"; };
		A039D9EE1CCDE80800B0B5DA /* BadAnyCastException.hpp */ = {isa = PBXFileReference; lastKnownFileType = sourcecode.cpp.h; path = BadAnyCastException.hpp; sourceTree = "<group>"; };
		A039D9EF1CCDE80800B0B5DA /* BadNumberCastException.hpp */ = {isa = PBXFileReference; lastKnownFileType = sourcecode.cpp.h; path = BadNumberCastException.hpp; sourceTree = "<group>"; };
		A039D9F01CCDE80800B0B5DA /* DataOutOfBoundsException.hpp */ = {isa = PBXFileReference; lastKnownFileType = sourcecode.cpp.h; path = DataOutOfBoundsException.hpp; sourceTree = "<group>"; };
		A039D9F21CCDE80800B0B5DA /* RenderGlyphException.hpp */ = {isa = PBXFileReference; lastKnownFileType = sourcecode.cpp.h; path = RenderGlyphException.hpp; sourceTree = "<group>"; };
		A039D9F31CCDE80800B0B5DA /* IllegalNumberOperationException.hpp */ = {isa = PBXFileReference; lastKnownFileType = sourcecode.cpp.h; path = IllegalNumberOperationException.hpp; sourceTree = "<group>"; };
		A039D9F41CCDE80800B0B5DA /* StringOutOfBoundsException.hpp */ = {isa = PBXFileReference; lastKnownFileType = sourcecode.cpp.h; path = StringOutOfBoundsException.hpp; sourceTree = "<group>"; };
		A039D9F51CCDE80800B0B5DA /* GameLibrary.hpp */ = {isa = PBXFileReference; lastKnownFileType = sourcecode.cpp.h; path = GameLibrary.hpp; sourceTree = "<group>"; };
		A039D9F71CCDE80800B0B5DA /* Color.hpp */ = {isa = PBXFileReference; lastKnownFileType = sourcecode.cpp.h; path = Color.hpp; sourceTree = "<group>"; };
		A039D9F81CCDE80800B0B5DA /* Graphics.hpp */ = {isa = PBXFileReference; lastKnownFileType = sourcecode.cpp.h; path = Graphics.hpp; sourceTree = "<group>"; };
		A039D9F91CCDE80800B0B5DA /* Image.hpp */ = {isa = PBXFileReference; lastKnownFileType = sourcecode.cpp.h; path = Image.hpp; sourceTree = "<group>"; };
		A039D9FA1CCDE80800B0B5DA /* PixelIterator.hpp */ = {isa = PBXFileReference; lastKnownFileType = sourcecode.cpp.h; path = PixelIterator.hpp; sourceTree = "<group>"; };
		A039D9FB1CCDE80800B0B5DA /* TextureImage.hpp */ = {isa = PBXFileReference; lastKnownFileType = sourcecode.cpp.h; path = TextureImage.hpp; sourceTree = "<group>"; };
		A039D9FD1CCDE80800B0B5DA /* Keyboard.hpp */ = {isa = PBXFileReference; lastKnownFileType = sourcecode.cpp.h; path = Keyboard.hpp; sourceTree = "<group>"; };
		A039D9FE1CCDE80800B0B5DA /* Mouse.hpp */ = {isa = PBXFileReference; lastKnownFileType = sourcecode.cpp.h; path = Mouse.hpp; sourceTree = "<group>"; };
		A039D9FF1CCDE80800B0B5DA /* Multitouch.hpp */ = {isa = PBXFileReference; lastKnownFileType = sourcecode.cpp.h; path = Multitouch.hpp; sourceTree = "<group>"; };
		A039DA011CCDE80800B0B5DA /* Console.hpp */ = {isa = PBXFileReference; lastKnownFileType = sourcecode.cpp.h; path = Console.hpp; sourceTree = "<group>"; };
		A039DA021CCDE80800B0B5DA /* FileTools.hpp */ = {isa = PBXFileReference; lastKnownFileType = sourcecode.cpp.h; path = FileTools.hpp; sourceTree = "<group>"; };
		A039DA041CCDE80800B0B5DA /* NetworkProtocol.hpp */ = {isa = PBXFileReference; lastKnownFileType = sourcecode.cpp.h; path = NetworkProtocol.hpp; sourceTree = "<group>"; };
		A039DA061CCDE80800B0B5DA /* AutoLayoutCalculator.hpp */ = {isa = PBXFileReference; lastKnownFileType = sourcecode.cpp.h; path = AutoLayoutCalculator.hpp; sourceTree = "<group>"; };
		A039DA071CCDE80800B0B5DA /* AutoLayoutManager.hpp */ = {isa = PBXFileReference; lastKnownFileType = sourcecode.cpp.h; path = AutoLayoutManager.hpp; sourceTree = "<group>"; };
		A039DA081CCDE80800B0B5DA /* Drawable.hpp */ = {isa = PBXFileReference; lastKnownFileType = sourcecode.cpp.h; path = Drawable.hpp; sourceTree = "<group>"; };
		A039DA091CCDE80800B0B5DA /* Screen.hpp */ = {isa = PBXFileReference; lastKnownFileType = sourcecode.cpp.h; path = Screen.hpp; sourceTree = "<group>"; };
		A039DA0A1CCDE80800B0B5DA /* ScreenElement.hpp */ = {isa = PBXFileReference; lastKnownFileType = sourcecode.cpp.h; path = ScreenElement.hpp; sourceTree = "<group>"; };
		A039DA0B1CCDE80800B0B5DA /* ScreenManager.hpp */ = {isa = PBXFileReference; lastKnownFileType = sourcecode.cpp.h; path = ScreenManager.hpp; sourceTree = "<group>"; };
		A039DA0D1CCDE80800B0B5DA /* FadeColorTransition.hpp */ = {isa = PBXFileReference; lastKnownFileType = sourcecode.cpp.h; path = FadeColorTransition.hpp; sourceTree = "<group>"; };
		A039DA0E1CCDE80800B0B5DA /* FadeZoomTransition.hpp */ = {isa = PBXFileReference; lastKnownFileType = sourcecode.cpp.h; path = FadeZoomTransition.hpp; sourceTree = "<group>"; };
		A039DA0F1CCDE80800B0B5DA /* PopoverTransition.hpp */ = {isa = PBXFileReference; lastKnownFileType = sourcecode.cpp.h; path = PopoverTransition.hpp; sourceTree = "<group>"; };
		A039DA101CCDE80800B0B5DA /* SlideTransition.hpp */ = {isa = PBXFileReference; lastKnownFileType = sourcecode.cpp.h; path = SlideTransition.hpp; sourceTree = "<group>"; };
		A039DA111CCDE80800B0B5DA /* Transition.hpp */ = {isa = PBXFileReference; lastKnownFileType = sourcecode.cpp.h; path = Transition.hpp; sourceTree = "<group>"; };
		A039DA131CCDE80800B0B5DA /* ActorMenuElement.hpp */ = {isa = PBXFileReference; lastKnownFileType = sourcecode.cpp.h; path = ActorMenuElement.hpp; sourceTree = "<group>"; };
		A039DA141CCDE80800B0B5DA /* ImageElement.hpp */ = {isa = PBXFileReference; lastKnownFileType = sourcecode.cpp.h; path = ImageElement.hpp; sourceTree = "<group>"; };
		A039DA151CCDE80800B0B5DA /* MenuScreen.hpp */ = {isa = PBXFileReference; lastKnownFileType = sourcecode.cpp.h; path = MenuScreen.hpp; sourceTree = "<group>"; };
		A039DA161CCDE80800B0B5DA /* TextInputElement.hpp */ = {isa = PBXFileReference; lastKnownFileType = sourcecode.cpp.h; path = TextInputElement.hpp; sourceTree = "<group>"; };
		A039DA171CCDE80800B0B5DA /* TouchElement.hpp */ = {isa = PBXFileReference; lastKnownFileType = sourcecode.cpp.h; path = TouchElement.hpp; sourceTree = "<group>"; };
		A039DA181CCDE80800B0B5DA /* ZoomPanElement.hpp */ = {isa = PBXFileReference; lastKnownFileType = sourcecode.cpp.h; path = ZoomPanElement.hpp; sourceTree = "<group>"; };
		A039DA191CCDE80800B0B5DA /* Updateable.hpp */ = {isa = PBXFileReference; lastKnownFileType = sourcecode.cpp.h; path = Updateable.hpp; sourceTree = "<group>"; };
		A039DA1A1CCDE80800B0B5DA /* UpdateDrawable.hpp */ = {isa = PBXFileReference; lastKnownFileType = sourcecode.cpp.h; path = UpdateDrawable.hpp; sourceTree = "<group>"; };
		A039DA1B1CCDE80800B0B5DA /* Types.hpp */ = {isa = PBXFileReference; lastKnownFileType = sourcecode.cpp.h; path = Types.hpp; sourceTree = "<group>"; };
		A039DA1D1CCDE80800B0B5DA /* Any.hpp */ = {isa = PBXFileReference; lastKnownFileType = sourcecode.cpp.h; path = Any.hpp; sourceTree = "<group>"; };
		A039DA1E1CCDE80800B0B5DA /* ArrayList.hpp */ = {isa = PBXFileReference; lastKnownFileType = sourcecode.cpp.h; path = ArrayList.hpp; sourceTree = "<group>"; };
		A039DA1F1CCDE80800B0B5DA /* BasicString.hpp */ = {isa = PBXFileReference; lastKnownFileType = sourcecode.cpp.h; path = BasicString.hpp; sourceTree = "<group>"; };
		A039DA201CCDE80800B0B5DA /* BasicString.impl */ = {isa = PBXFileReference; lastKnownFileType = text; path = BasicString.impl; sourceTree = "<group>"; };
		A039DA211CCDE80800B0B5DA /* Data.hpp */ = {isa = PBXFileReference; lastKnownFileType = sourcecode.cpp.h; path = Data.hpp; sourceTree = "<group>"; };
		A039DA221CCDE80800B0B5DA /* Dictionary.hpp */ = {isa = PBXFileReference; lastKnownFileType = sourcecode.cpp.h; path = Dictionary.hpp; sourceTree = "<group>"; };
		A039DA241CCDE80800B0B5DA /* Font.hpp */ = {isa = PBXFileReference; lastKnownFileType = sourcecode.cpp.h; path = Font.hpp; sourceTree = "<group>"; };
		A039DA251CCDE80800B0B5DA /* RenderedGlyphContainer.hpp */ = {isa = PBXFileReference; lastKnownFileType = sourcecode.cpp.h; path = RenderedGlyphContainer.hpp; sourceTree = "<group>"; };
		A039DA271CCDE80800B0B5DA /* Circle.hpp */ = {isa = PBXFileReference; lastKnownFileType = sourcecode.cpp.h; path = Circle.hpp; sourceTree = "<group>"; };
		A039DA281CCDE80800B0B5DA /* Polygon.hpp */ = {isa = PBXFileReference; lastKnownFileType = sourcecode.cpp.h; path = Polygon.hpp; sourceTree = "<group>"; };
		A039DA291CCDE80800B0B5DA /* Rectangle.hpp */ = {isa = PBXFileReference; lastKnownFileType = sourcecode.cpp.h; path = Rectangle.hpp; sourceTree = "<group>"; };
		A039DA2A1CCDE80800B0B5DA /* Transform.hpp */ = {isa = PBXFileReference; lastKnownFileType = sourcecode.cpp.h; path = Transform.hpp; sourceTree = "<group>"; };
		A039DA2B1CCDE80800B0B5DA /* ValueEase.hpp */ = {isa = PBXFileReference; lastKnownFileType = sourcecode.cpp.h; path = ValueEase.hpp; sourceTree = "<group>"; };
		A039DA2C1CCDE80800B0B5DA /* Vector2.hpp */ = {isa = PBXFileReference; lastKnownFileType = sourcecode.cpp.h; path = Vector2.hpp; sourceTree = "<group>"; };
		A039DA2D1CCDE80800B0B5DA /* Math.hpp */ = {isa = PBXFileReference; lastKnownFileType = sourcecode.cpp.h; path = Math.hpp; sourceTree = "<group>"; };
		A039DA2E1CCDE80800B0B5DA /* Number.hpp */ = {isa = PBXFileReference; lastKnownFileType = sourcecode.cpp.h; path = Number.hpp; sourceTree = "<group>"; };
		A039DA2F1CCDE80800B0B5DA /* Number.impl */ = {isa = PBXFileReference; lastKnownFileType = text; path = Number.impl; sourceTree = "<group>"; };
		A039DA311CCDE80800B0B5DA /* PlatformChecks.hpp */ = {isa = PBXFileReference; lastKnownFileType = sourcecode.cpp.h; path = PlatformChecks.hpp; sourceTree = "<group>"; };
		A039DA321CCDE80800B0B5DA /* String.hpp */ = {isa = PBXFileReference; lastKnownFileType = sourcecode.cpp.h; path = String.hpp; sourceTree = "<group>"; };
		A039DA331CCDE80800B0B5DA /* Stringifier.hpp */ = {isa = PBXFileReference; lastKnownFileType = sourcecode.cpp.h; path = Stringifier.hpp; sourceTree = "<group>"; };
		A039DA341CCDE80800B0B5DA /* Thread.hpp */ = {isa = PBXFileReference; lastKnownFileType = sourcecode.cpp.h; path = Thread.hpp; sourceTree = "<group>"; };
		A039DA361CCDE80800B0B5DA /* DateTime.hpp */ = {isa = PBXFileReference; lastKnownFileType = sourcecode.cpp.h; path = DateTime.hpp; sourceTree = "<group>"; };
		A039DA371CCDE80800B0B5DA /* TimeInterval.hpp */ = {isa = PBXFileReference; lastKnownFileType = sourcecode.cpp.h; path = TimeInterval.hpp; sourceTree = "<group>"; };
		A039DA391CCDE80800B0B5DA /* MessageBox.hpp */ = {isa = PBXFileReference; lastKnownFileType = sourcecode.cpp.h; path = MessageBox.hpp; sourceTree = "<group>"; };
		A039DA3B1CCDE80800B0B5DA /* Window.hpp */ = {isa = PBXFileReference; lastKnownFileType = sourcecode.cpp.h; path = Window.hpp; sourceTree = "<group>"; };
		A039DA3F1CCDE86A00B0B5DA /* base64.hpp */ = {isa = PBXFileReference; lastKnownFileType = sourcecode.cpp.h; path = base64.hpp; sourceTree = "<group>"; };
		A039DA481CCDE86A00B0B5DA /* pugixml.cpp */ = {isa = PBXFileReference; lastKnownFileType = sourcecode.cpp.cpp; path = pugixml.cpp; sourceTree = "<group>"; };
		A039DAB91CCDE89E00B0B5DA /* Actor.cpp */ = {isa = PBXFileReference; fileEncoding = 4; lastKnownFileType = sourcecode.cpp.cpp; path = Actor.cpp; sourceTree = "<group>"; };
		A039DABA1CCDE89E00B0B5DA /* Animation.cpp */ = {isa = PBXFileReference; fileEncoding = 4; lastKnownFileType = sourcecode.cpp.cpp; path = Animation.cpp; sourceTree = "<group>"; };
		A039DABB1CCDE89E00B0B5DA /* SpriteActor.cpp */ = {isa = PBXFileReference; fileEncoding = 4; lastKnownFileType = sourcecode.cpp.cpp; path = SpriteActor.cpp; sourceTree = "<group>"; };
		A039DABC1CCDE89E00B0B5DA /* TextActor.cpp */ = {isa = PBXFileReference; fileEncoding = 4; lastKnownFileType = sourcecode.cpp.cpp; path = TextActor.cpp; sourceTree = "<group>"; };
		A039DABD1CCDE89E00B0B5DA /* WireframeActor.cpp */ = {isa = PBXFileReference; fileEncoding = 4; lastKnownFileType = sourcecode.cpp.cpp; path = WireframeActor.cpp; sourceTree = "<group>"; };
		A039DABF1CCDE89E00B0B5DA /* Application.cpp */ = {isa = PBXFileReference; fileEncoding = 4; lastKnownFileType = sourcecode.cpp.cpp; path = Application.cpp; sourceTree = "<group>"; };
		A039DAC01CCDE89E00B0B5DA /* ApplicationData.cpp */ = {isa = PBXFileReference; fileEncoding = 4; lastKnownFileType = sourcecode.cpp.cpp; path = ApplicationData.cpp; sourceTree = "<group>"; };
		A039DAC21CCDE89E00B0B5DA /* BatchLoader.cpp */ = {isa = PBXFileReference; fileEncoding = 4; lastKnownFileType = sourcecode.cpp.cpp; path = BatchLoader.cpp; sourceTree = "<group>"; };
		A039DAC31CCDE89E00B0B5DA /* EventManager.cpp */ = {isa = PBXFileReference; fileEncoding = 4; lastKnownFileType = sourcecode.cpp.cpp; path = EventManager.cpp; sourceTree = "<group>"; };
		A039DAC41CCDE89E00B0B5DA /* EventManager.hpp */ = {isa = PBXFileReference; fileEncoding = 4; lastKnownFileType = sourcecode.cpp.h; path = EventManager.hpp; sourceTree = "<group>"; };
		A039DAC61CCDE89E00B0B5DA /* Music.cpp */ = {isa = PBXFileReference; fileEncoding = 4; lastKnownFileType = sourcecode.cpp.cpp; path = Music.cpp; sourceTree = "<group>"; };
		A039DAC71CCDE89E00B0B5DA /* Sound.cpp */ = {isa = PBXFileReference; fileEncoding = 4; lastKnownFileType = sourcecode.cpp.cpp; path = Sound.cpp; sourceTree = "<group>"; };
		A039DAC91CCDE89E00B0B5DA /* BadCastException.cpp */ = {isa = PBXFileReference; fileEncoding = 4; lastKnownFileType = sourcecode.cpp.cpp; path = BadCastException.cpp; sourceTree = "<group>"; };
		A039DACA1CCDE89E00B0B5DA /* Exception.cpp */ = {isa = PBXFileReference; fileEncoding = 4; lastKnownFileType = sourcecode.cpp.cpp; path = Exception.cpp; sourceTree = "<group>"; };
		A039DACB1CCDE89E00B0B5DA /* ExceptionMacros.hpp */ = {isa = PBXFileReference; fileEncoding = 4; lastKnownFileType = sourcecode.cpp.h; path = ExceptionMacros.hpp; sourceTree = "<group>"; };
		A039DACD1CCDE89E00B0B5DA /* ImageOutOfBoundsException.cpp */ = {isa = PBXFileReference; fileEncoding = 4; lastKnownFileType = sourcecode.cpp.cpp; path = ImageOutOfBoundsException.cpp; sourceTree = "<group>"; };
		A039DACE1CCDE89E00B0B5DA /* TextureImageCreateException.cpp */ = {isa = PBXFileReference; fileEncoding = 4; lastKnownFileType = sourcecode.cpp.cpp; path = TextureImageCreateException.cpp; sourceTree = "<group>"; };
		A039DACF1CCDE89E00B0B5DA /* TextureImageUpdateException.cpp */ = {isa = PBXFileReference; fileEncoding = 4; lastKnownFileType = sourcecode.cpp.cpp; path = TextureImageUpdateException.cpp; sourceTree = "<group>"; };
		A039DAD01CCDE89E00B0B5DA /* UnsupportedImageFormatException.cpp */ = {isa = PBXFileReference; fileEncoding = 4; lastKnownFileType = sourcecode.cpp.cpp; path = UnsupportedImageFormatException.cpp; sourceTree = "<group>"; };
		A039DAD11CCDE89E00B0B5DA /* IllegalArgumentException.cpp */ = {isa = PBXFileReference; fileEncoding = 4; lastKnownFileType = sourcecode.cpp.cpp; path = IllegalArgumentException.cpp; sourceTree = "<group>"; };
		A039DAD21CCDE89E00B0B5DA /* IllegalStateException.cpp */ = {isa = PBXFileReference; fileEncoding = 4; lastKnownFileType = sourcecode.cpp.cpp; path = IllegalStateException.cpp; sourceTree = "<group>"; };
		A039DAD31CCDE89E00B0B5DA /* InitializeLibraryException.cpp */ = {isa = PBXFileReference; fileEncoding = 4; lastKnownFileType = sourcecode.cpp.cpp; path = InitializeLibraryException.cpp; sourceTree = "<group>"; };
		A039DAD41CCDE89E00B0B5DA /* NumberFormatException.cpp */ = {isa = PBXFileReference; fileEncoding = 4; lastKnownFileType = sourcecode.cpp.cpp; path = NumberFormatException.cpp; sourceTree = "<group>"; };
		A039DAD51CCDE89E00B0B5DA /* OutOfBoundsException.cpp */ = {isa = PBXFileReference; fileEncoding = 4; lastKnownFileType = sourcecode.cpp.cpp; path = OutOfBoundsException.cpp; sourceTree = "<group>"; };
		A039DAD71CCDE89E00B0B5DA /* ScreenNavigationException.cpp */ = {isa = PBXFileReference; fileEncoding = 4; lastKnownFileType = sourcecode.cpp.cpp; path = ScreenNavigationException.cpp; sourceTree = "<group>"; };
		A039DAD91CCDE89E00B0B5DA /* ArrayListOutOfBoundsException.cpp */ = {isa = PBXFileReference; fileEncoding = 4; lastKnownFileType = sourcecode.cpp.cpp; path = ArrayListOutOfBoundsException.cpp; sourceTree = "<group>"; };
		A039DADA1CCDE89E00B0B5DA /* BadAnyCastException.cpp */ = {isa = PBXFileReference; fileEncoding = 4; lastKnownFileType = sourcecode.cpp.cpp; path = BadAnyCastException.cpp; sourceTree = "<group>"; };
		A039DADB1CCDE89E00B0B5DA /* BadNumberCastException.cpp */ = {isa = PBXFileReference; fileEncoding = 4; lastKnownFileType = sourcecode.cpp.cpp; path = BadNumberCastException.cpp; sourceTree = "<group>"; };
		A039DADC1CCDE89E00B0B5DA /* DataOutOfBoundsException.cpp */ = {isa = PBXFileReference; fileEncoding = 4; lastKnownFileType = sourcecode.cpp.cpp; path = DataOutOfBoundsException.cpp; sourceTree = "<group>"; };
		A039DADE1CCDE89E00B0B5DA /* RenderGlyphException.cpp */ = {isa = PBXFileReference; fileEncoding = 4; lastKnownFileType = sourcecode.cpp.cpp; path = RenderGlyphException.cpp; sourceTree = "<group>"; };
		A039DADF1CCDE89E00B0B5DA /* IllegalNumberOperationException.cpp */ = {isa = PBXFileReference; fileEncoding = 4; lastKnownFileType = sourcecode.cpp.cpp; path = IllegalNumberOperationException.cpp; sourceTree = "<group>"; };
		A039DAE01CCDE89E00B0B5DA /* StringOutOfBoundsException.cpp */ = {isa = PBXFileReference; fileEncoding = 4; lastKnownFileType = sourcecode.cpp.cpp; path = StringOutOfBoundsException.cpp; sourceTree = "<group>"; };
		A039DAE11CCDE89E00B0B5DA /* GameLibrary.cpp */ = {isa = PBXFileReference; fileEncoding = 4; lastKnownFileType = sourcecode.cpp.cpp; path = GameLibrary.cpp; sourceTree = "<group>"; };
		A039DAE31CCDE89E00B0B5DA /* Color.cpp */ = {isa = PBXFileReference; fileEncoding = 4; lastKnownFileType = sourcecode.cpp.cpp; path = Color.cpp; sourceTree = "<group>"; };
		A039DAE41CCDE89E00B0B5DA /* Graphics.cpp */ = {isa = PBXFileReference; fileEncoding = 4; lastKnownFileType = sourcecode.cpp.cpp; path = Graphics.cpp; sourceTree = "<group>"; };
		A039DAE51CCDE89E00B0B5DA /* Image.cpp */ = {isa = PBXFileReference; fileEncoding = 4; lastKnownFileType = sourcecode.cpp.cpp; path = Image.cpp; sourceTree = "<group>"; };
		A039DAE61CCDE89E00B0B5DA /* PixelIterator.cpp */ = {isa = PBXFileReference; fileEncoding = 4; lastKnownFileType = sourcecode.cpp.cpp; path = PixelIterator.cpp; sourceTree = "<group>"; };
		A039DAE71CCDE89E00B0B5DA /* TextureImage.cpp */ = {isa = PBXFileReference; fileEncoding = 4; lastKnownFileType = sourcecode.cpp.cpp; path = TextureImage.cpp; sourceTree = "<group>"; };
		A039DAE91CCDE89E00B0B5DA /* Keyboard.cpp */ = {isa = PBXFileReference; fileEncoding = 4; lastKnownFileType = sourcecode.cpp.cpp; path = Keyboard.cpp; sourceTree = "<group>"; };
		A039DAEA1CCDE89E00B0B5DA /* Mouse.cpp */ = {isa = PBXFileReference; fileEncoding = 4; lastKnownFileType = sourcecode.cpp.cpp; path = Mouse.cpp; sourceTree = "<group>"; };
		A039DAEB1CCDE89E00B0B5DA /* Multitouch.cpp */ = {isa = PBXFileReference; fileEncoding = 4; lastKnownFileType = sourcecode.cpp.cpp; path = Multitouch.cpp; sourceTree = "<group>"; };
		A039DAED1CCDE89E00B0B5DA /* Console.cpp */ = {isa = PBXFileReference; fileEncoding = 4; lastKnownFileType = sourcecode.cpp.cpp; path = Console.cpp; sourceTree = "<group>"; };
		A039DAEE1CCDE89E00B0B5DA /* FileTools.cpp */ = {isa = PBXFileReference; fileEncoding = 4; lastKnownFileType = sourcecode.cpp.cpp; path = FileTools.cpp; sourceTree = "<group>"; };
		A039DAEF1CCDE89E00B0B5DA /* FileTools.mm */ = {isa = PBXFileReference; fileEncoding = 4; lastKnownFileType = sourcecode.cpp.objcpp; path = FileTools.mm; sourceTree = "<group>"; };
		A039DAF11CCDE89E00B0B5DA /* NetworkProtocol.cpp */ = {isa = PBXFileReference; fileEncoding = 4; lastKnownFileType = sourcecode.cpp.cpp; path = NetworkProtocol.cpp; sourceTree = "<group>"; };
		A039DAF31CCDE89E00B0B5DA /* AutoLayoutCalculator.cpp */ = {isa = PBXFileReference; fileEncoding = 4; lastKnownFileType = sourcecode.cpp.cpp; path = AutoLayoutCalculator.cpp; sourceTree = "<group>"; };
		A039DAF41CCDE89E00B0B5DA /* AutoLayoutManager.cpp */ = {isa = PBXFileReference; fileEncoding = 4; lastKnownFileType = sourcecode.cpp.cpp; path = AutoLayoutManager.cpp; sourceTree = "<group>"; };
		A039DAF51CCDE89E00B0B5DA /* Screen.cpp */ = {isa = PBXFileReference; fileEncoding = 4; lastKnownFileType = sourcecode.cpp.cpp; path = Screen.cpp; sourceTree = "<group>"; };
		A039DAF61CCDE89E00B0B5DA /* ScreenElement.cpp */ = {isa = PBXFileReference; fileEncoding = 4; lastKnownFileType = sourcecode.cpp.cpp; path = ScreenElement.cpp; sourceTree = "<group>"; };
		A039DAF71CCDE89E00B0B5DA /* ScreenManager.cpp */ = {isa = PBXFileReference; fileEncoding = 4; lastKnownFileType = sourcecode.cpp.cpp; path = ScreenManager.cpp; sourceTree = "<group>"; };
		A039DAF91CCDE89E00B0B5DA /* FadeColorTransition.cpp */ = {isa = PBXFileReference; fileEncoding = 4; lastKnownFileType = sourcecode.cpp.cpp; path = FadeColorTransition.cpp; sourceTree = "<group>"; };
		A039DAFA1CCDE89E00B0B5DA /* FadeZoomTransition.cpp */ = {isa = PBXFileReference; fileEncoding = 4; lastKnownFileType = sourcecode.cpp.cpp; path = FadeZoomTransition.cpp; sourceTree = "<group>"; };
		A039DAFB1CCDE89E00B0B5DA /* PopoverTransition.cpp */ = {isa = PBXFileReference; fileEncoding = 4; lastKnownFileType = sourcecode.cpp.cpp; path = PopoverTransition.cpp; sourceTree = "<group>"; };
		A039DAFC1CCDE89E00B0B5DA /* SlideTransition.cpp */ = {isa = PBXFileReference; fileEncoding = 4; lastKnownFileType = sourcecode.cpp.cpp; path = SlideTransition.cpp; sourceTree = "<group>"; };
		A039DAFE1CCDE89E00B0B5DA /* ActorMenuElement.cpp */ = {isa = PBXFileReference; fileEncoding = 4; lastKnownFileType = sourcecode.cpp.cpp; path = ActorMenuElement.cpp; sourceTree = "<group>"; };
		A039DAFF1CCDE89E00B0B5DA /* ImageElement.cpp */ = {isa = PBXFileReference; fileEncoding = 4; lastKnownFileType = sourcecode.cpp.cpp; path = ImageElement.cpp; sourceTree = "<group>"; };
		A039DB001CCDE89E00B0B5DA /* MenuScreen.cpp */ = {isa = PBXFileReference; fileEncoding = 4; lastKnownFileType = sourcecode.cpp.cpp; path = MenuScreen.cpp; sourceTree = "<group>"; };
		A039DB011CCDE89E00B0B5DA /* TextInputElement.cpp */ = {isa = PBXFileReference; fileEncoding = 4; lastKnownFileType = sourcecode.cpp.cpp; path = TextInputElement.cpp; sourceTree = "<group>"; };
		A039DB021CCDE89E00B0B5DA /* TouchElement.cpp */ = {isa = PBXFileReference; fileEncoding = 4; lastKnownFileType = sourcecode.cpp.cpp; path = TouchElement.cpp; sourceTree = "<group>"; };
		A039DB031CCDE89E00B0B5DA /* ZoomPanElement.cpp */ = {isa = PBXFileReference; fileEncoding = 4; lastKnownFileType = sourcecode.cpp.cpp; path = ZoomPanElement.cpp; sourceTree = "<group>"; };
		A039DB051CCDE89E00B0B5DA /* Data.cpp */ = {isa = PBXFileReference; fileEncoding = 4; lastKnownFileType = sourcecode.cpp.cpp; path = Data.cpp; sourceTree = "<group>"; };
		A039DB081CCDE89E00B0B5DA /* Font.cpp */ = {isa = PBXFileReference; fileEncoding = 4; lastKnownFileType = sourcecode.cpp.cpp; path = Font.cpp; sourceTree = "<group>"; };
		A039DB091CCDE89E00B0B5DA /* RenderedGlyphContainer.cpp */ = {isa = PBXFileReference; fileEncoding = 4; lastKnownFileType = sourcecode.cpp.cpp; path = RenderedGlyphContainer.cpp; sourceTree = "<group>"; };
		A039DB0A1CCDE89E00B0B5DA /* Math.cpp */ = {isa = PBXFileReference; fileEncoding = 4; lastKnownFileType = sourcecode.cpp.cpp; path = Math.cpp; sourceTree = "<group>"; };
		A039DB0C1CCDE89E00B0B5DA /* Thread.cpp */ = {isa = PBXFileReference; fileEncoding = 4; lastKnownFileType = sourcecode.cpp.cpp; path = Thread.cpp; sourceTree = "<group>"; };
		A039DB0E1CCDE89E00B0B5DA /* DateTime.cpp */ = {isa = PBXFileReference; fileEncoding = 4; lastKnownFileType = sourcecode.cpp.cpp; path = DateTime.cpp; sourceTree = "<group>"; };
		A039DB0F1CCDE89E00B0B5DA /* posixtime.cpp */ = {isa = PBXFileReference; fileEncoding = 4; lastKnownFileType = sourcecode.cpp.cpp; path = posixtime.cpp; sourceTree = "<group>"; };
		A039DB101CCDE89E00B0B5DA /* posixtime.h */ = {isa = PBXFileReference; fileEncoding = 4; lastKnownFileType = sourcecode.c.h; path = posixtime.h; sourceTree = "<group>"; };
		A039DB121CCDE89E00B0B5DA /* time64.c */ = {isa = PBXFileReference; fileEncoding = 4; lastKnownFileType = sourcecode.c.c; path = time64.c; sourceTree = "<group>"; };
		A039DB131CCDE89E00B0B5DA /* time64.h */ = {isa = PBXFileReference; fileEncoding = 4; lastKnownFileType = sourcecode.c.h; path = time64.h; sourceTree = "<group>"; };
		A039DB141CCDE89E00B0B5DA /* time64_config.h */ = {isa = PBXFileReference; fileEncoding = 4; lastKnownFileType = sourcecode.c.h; path = time64_config.h; sourceTree = "<group>"; };
		A039DB151CCDE89E00B0B5DA /* time64_limits.h */ = {isa = PBXFileReference; fileEncoding = 4; lastKnownFileType = sourcecode.c.h; path = time64_limits.h; sourceTree = "<group>"; };
		A039DB161CCDE89E00B0B5DA /* TimeInterval.cpp */ = {isa = PBXFileReference; fileEncoding = 4; lastKnownFileType = sourcecode.cpp.cpp; path = TimeInterval.cpp; sourceTree = "<group>"; };
		A039DB181CCDE89E00B0B5DA /* MessageBox.cpp */ = {isa = PBXFileReference; fileEncoding = 4; lastKnownFileType = sourcecode.cpp.cpp; path = MessageBox.cpp; sourceTree = "<group>"; };
		A039DB191CCDE89E00B0B5DA /* MessageBox.mm */ = {isa = PBXFileReference; fileEncoding = 4; lastKnownFileType = sourcecode.cpp.objcpp; path = MessageBox.mm; sourceTree = "<group>"; };
		A039DB1B1CCDE89E00B0B5DA /* Window.cpp */ = {isa = PBXFileReference; fileEncoding = 4; lastKnownFileType = sourcecode.cpp.cpp; path = Window.cpp; sourceTree = "<group>"; };
		A05D79A51CD465AE00456C8E /* Dictionary.impl */ = {isa = PBXFileReference; lastKnownFileType = text; path = Dictionary.impl; sourceTree = "<group>"; };
		A05D79A61CD465D400456C8E /* NotImplementedException.hpp */ = {isa = PBXFileReference; lastKnownFileType = sourcecode.cpp.h; path = NotImplementedException.hpp; sourceTree = "<group>"; };
		A05D79A71CD465E300456C8E /* DictionaryKeyNotFoundException.hpp */ = {isa = PBXFileReference; lastKnownFileType = sourcecode.cpp.h; path = DictionaryKeyNotFoundException.hpp; sourceTree = "<group>"; };
		A05D79A81CD4660300456C8E /* NotImplementedException.cpp */ = {isa = PBXFileReference; fileEncoding = 4; lastKnownFileType = sourcecode.cpp.cpp; path = NotImplementedException.cpp; sourceTree = "<group>"; };
		A05D79AA1CD4661E00456C8E /* DictionaryKeyNotFoundException.cpp */ = {isa = PBXFileReference; fileEncoding = 4; lastKnownFileType = sourcecode.cpp.cpp; path = DictionaryKeyNotFoundException.cpp; sourceTree = "<group>"; };
		F14962301E24000A00C37F22 /* Tools.hpp */ = {isa = PBXFileReference; lastKnownFileType = sourcecode.cpp.h; path = Tools.hpp; sourceTree = "<group>"; };
		F14962321E24140B00C37F22 /* SDL.xcodeproj */ = {isa = PBXFileReference; lastKnownFileType = "wrapper.pb-project"; name = SDL.xcodeproj; path = "../../external/SDL/SDL/Xcode-iOS/SDL/SDL.xcodeproj"; sourceTree = "<group>"; };
		F149623F1E2415CF00C37F22 /* SDL_image.xcodeproj */ = {isa = PBXFileReference; lastKnownFileType = "wrapper.pb-project"; name = SDL_image.xcodeproj; path = "../../external/SDL/SDL_image/Xcode-iOS/SDL_image.xcodeproj"; sourceTree = "<group>"; };
		F14962481E2415F400C37F22 /* SDL_mixer.xcodeproj */ = {isa = PBXFileReference; lastKnownFileType = "wrapper.pb-project"; name = SDL_mixer.xcodeproj; path = "../../external/SDL/SDL_mixer/Xcode-iOS/SDL_mixer.xcodeproj"; sourceTree = "<group>"; };
		F149624E1E2415FE00C37F22 /* SDL_ttf.xcodeproj */ = {isa = PBXFileReference; lastKnownFileType = "wrapper.pb-project"; name = SDL_ttf.xcodeproj; path = "../../external/SDL/SDL_ttf/Xcode-iOS/SDL_ttf.xcodeproj"; sourceTree = "<group>"; };
		F15BC37F1E4378B7001910A4 /* SDL2_framerate.c */ = {isa = PBXFileReference; fileEncoding = 4; lastKnownFileType = sourcecode.c.c; path = SDL2_framerate.c; sourceTree = "<group>"; };
		F15BC3801E4378B7001910A4 /* SDL2_framerate.h */ = {isa = PBXFileReference; fileEncoding = 4; lastKnownFileType = sourcecode.c.h; path = SDL2_framerate.h; sourceTree = "<group>"; };
		F15BC3811E4378B7001910A4 /* SDL2_gfxPrimitives_font.h */ = {isa = PBXFileReference; fileEncoding = 4; lastKnownFileType = sourcecode.c.h; path = SDL2_gfxPrimitives_font.h; sourceTree = "<group>"; };
		F15BC3821E4378B7001910A4 /* SDL2_gfxPrimitives.c */ = {isa = PBXFileReference; explicitFileType = sourcecode.cpp.cpp; fileEncoding = 4; path = SDL2_gfxPrimitives.c; sourceTree = "<group>"; };
		F15BC3831E4378B7001910A4 /* SDL2_gfxPrimitives.h */ = {isa = PBXFileReference; fileEncoding = 4; lastKnownFileType = sourcecode.c.h; path = SDL2_gfxPrimitives.h; sourceTree = "<group>"; };
		F15BC3841E4378B7001910A4 /* SDL2_imageFilter.c */ = {isa = PBXFileReference; fileEncoding = 4; lastKnownFileType = sourcecode.c.c; path = SDL2_imageFilter.c; sourceTree = "<group>"; };
		F15BC3851E4378B7001910A4 /* SDL2_imageFilter.h */ = {isa = PBXFileReference; fileEncoding = 4; lastKnownFileType = sourcecode.c.h; path = SDL2_imageFilter.h; sourceTree = "<group>"; };
		F15BC3861E4378B7001910A4 /* SDL2_rotozoom.c */ = {isa = PBXFileReference; fileEncoding = 4; lastKnownFileType = sourcecode.c.c; path = SDL2_rotozoom.c; sourceTree = "<group>"; };
		F15BC3871E4378B7001910A4 /* SDL2_rotozoom.h */ = {isa = PBXFileReference; fileEncoding = 4; lastKnownFileType = sourcecode.c.h; path = SDL2_rotozoom.h; sourceTree = "<group>"; };
		F15F32221E25730900710AC8 /* Plist.hpp */ = {isa = PBXFileReference; lastKnownFileType = sourcecode.cpp.h; path = Plist.hpp; sourceTree = "<group>"; };
		F15F32231E25739E00710AC8 /* Line.hpp */ = {isa = PBXFileReference; lastKnownFileType = sourcecode.cpp.h; path = Line.hpp; sourceTree = "<group>"; };
		F15F32241E2573C100710AC8 /* Plist.cpp */ = {isa = PBXFileReference; fileEncoding = 4; lastKnownFileType = sourcecode.cpp.cpp; path = Plist.cpp; sourceTree = "<group>"; };
		F15F32261E2573C600710AC8 /* Tools.cpp */ = {isa = PBXFileReference; fileEncoding = 4; lastKnownFileType = sourcecode.cpp.cpp; path = Tools.cpp; sourceTree = "<group>"; };
		F16ACC3D1E3A9A5500DC5DC9 /* pugiconfig.hpp */ = {isa = PBXFileReference; lastKnownFileType = sourcecode.cpp.h; path = pugiconfig.hpp; sourceTree = "<group>"; };
		F16ACC3E1E3A9A5500DC5DC9 /* pugixml.hpp */ = {isa = PBXFileReference; lastKnownFileType = sourcecode.cpp.h; path = pugixml.hpp; sourceTree = "<group>"; };
		F16DB5901E7088C700AB31DE /* AnimationElement.cpp */ = {isa = PBXFileReference; fileEncoding = 4; lastKnownFileType = sourcecode.cpp.cpp; path = AnimationElement.cpp; sourceTree = "<group>"; };
		F16DB5981E7088E400AB31DE /* AnimationElement.hpp */ = {isa = PBXFileReference; lastKnownFileType = sourcecode.cpp.h; path = AnimationElement.hpp; sourceTree = "<group>"; };
		F16DB5991E708DB000AB31DE /* AnimationPlayer.hpp */ = {isa = PBXFileReference; lastKnownFileType = sourcecode.cpp.h; path = AnimationPlayer.hpp; sourceTree = "<group>"; };
		F16DB59A1E708DC600AB31DE /* AnimationPlayer.cpp */ = {isa = PBXFileReference; fileEncoding = 4; lastKnownFileType = sourcecode.cpp.cpp; path = AnimationPlayer.cpp; sourceTree = "<group>"; };
		F17D96E31E6DB57C003F4D85 /* AssetManager.hpp */ = {isa = PBXFileReference; lastKnownFileType = sourcecode.cpp.h; path = AssetManager.hpp; sourceTree = "<group>"; };
		F17D96E41E6DB581003F4D85 /* Viewport.hpp */ = {isa = PBXFileReference; lastKnownFileType = sourcecode.cpp.h; path = Viewport.hpp; sourceTree = "<group>"; };
		F17D96E51E6DB59C003F4D85 /* AssetManager.cpp */ = {isa = PBXFileReference; fileEncoding = 4; lastKnownFileType = sourcecode.cpp.cpp; path = AssetManager.cpp; sourceTree = "<group>"; };
		F17D96E71E6DB5A1003F4D85 /* Viewport.cpp */ = {isa = PBXFileReference; fileEncoding = 4; lastKnownFileType = sourcecode.cpp.cpp; path = Viewport.cpp; sourceTree = "<group>"; };
		F1C39D521E3920A4008A5EF6 /* Vector3.hpp */ = {isa = PBXFileReference; lastKnownFileType = sourcecode.cpp.h; path = Vector3.hpp; sourceTree = "<group>"; };
/* End PBXFileReference section */

/* Begin PBXFrameworksBuildPhase section */
		A039D8241CCDE2D500B0B5DA /* Frameworks */ = {
			isa = PBXFrameworksBuildPhase;
			buildActionMask = 2147483647;
			files = (
				F14465171E675F920088EAA3 /* libSDL2.a in Frameworks */,
				F14465141E675F920088EAA3 /* libSDL2_image.a in Frameworks */,
				F14465151E675F920088EAA3 /* libSDL2_mixer.a in Frameworks */,
				F14465161E675F920088EAA3 /* libSDL2_ttf.a in Frameworks */,
			);
			runOnlyForDeploymentPostprocessing = 0;
		};
/* End PBXFrameworksBuildPhase section */

/* Begin PBXGroup section */
		A039D81E1CCDE2D500B0B5DA = {
			isa = PBXGroup;
			children = (
				F14962311E2413EA00C37F22 /* dependencies */,
				A039D8291CCDE2D500B0B5DA /* GameLibrary */,
				A039D8281CCDE2D500B0B5DA /* Products */,
			);
			sourceTree = "<group>";
		};
		A039D8281CCDE2D500B0B5DA /* Products */ = {
			isa = PBXGroup;
			children = (
				A039D8271CCDE2D500B0B5DA /* libGameLibrary.a */,
			);
			name = Products;
			sourceTree = "<group>";
		};
		A039D8291CCDE2D500B0B5DA /* GameLibrary */ = {
			isa = PBXGroup;
			children = (
				A039DA3C1CCDE86A00B0B5DA /* external */,
				A039D9CD1CCDE80800B0B5DA /* include */,
				A039DAB71CCDE89E00B0B5DA /* src */,
			);
			name = GameLibrary;
			path = ../..;
			sourceTree = "<group>";
		};
		A039D9CD1CCDE80800B0B5DA /* include */ = {
			isa = PBXGroup;
			children = (
				A039D9CE1CCDE80800B0B5DA /* GameLibrary */,
			);
			path = include;
			sourceTree = "<group>";
		};
		A039D9CE1CCDE80800B0B5DA /* GameLibrary */ = {
			isa = PBXGroup;
			children = (
				A039D9CF1CCDE80800B0B5DA /* Actor */,
				A039D9D51CCDE80800B0B5DA /* Application */,
				A039D9DA1CCDE80800B0B5DA /* Audio */,
				A039D9DD1CCDE80800B0B5DA /* Exception */,
				A039D9F61CCDE80800B0B5DA /* Graphics */,
				A039D9FC1CCDE80800B0B5DA /* Input */,
				A039DA001CCDE80800B0B5DA /* IO */,
				A039DA031CCDE80800B0B5DA /* Network */,
				A039DA051CCDE80800B0B5DA /* Screen */,
				A039DA1C1CCDE80800B0B5DA /* Utilities */,
				A039DA381CCDE80800B0B5DA /* Window */,
				A039DA1B1CCDE80800B0B5DA /* Types.hpp */,
				A039D9F51CCDE80800B0B5DA /* GameLibrary.hpp */,
			);
			path = GameLibrary;
			sourceTree = "<group>";
		};
		A039D9CF1CCDE80800B0B5DA /* Actor */ = {
			isa = PBXGroup;
			children = (
				A039D9D01CCDE80800B0B5DA /* Actor.hpp */,
				A039D9D11CCDE80800B0B5DA /* Animation.hpp */,
				F16DB5991E708DB000AB31DE /* AnimationPlayer.hpp */,
				A039D9D21CCDE80800B0B5DA /* SpriteActor.hpp */,
				A039D9D31CCDE80800B0B5DA /* TextActor.hpp */,
				A039D9D41CCDE80800B0B5DA /* WireframeActor.hpp */,
			);
			path = Actor;
			sourceTree = "<group>";
		};
		A039D9D51CCDE80800B0B5DA /* Application */ = {
			isa = PBXGroup;
			children = (
				A039D9D61CCDE80800B0B5DA /* Application.hpp */,
				A039D9D71CCDE80800B0B5DA /* ApplicationData.hpp */,
				A039D9D91CCDE80800B0B5DA /* BatchLoader.hpp */,
			);
			path = Application;
			sourceTree = "<group>";
		};
		A039D9DA1CCDE80800B0B5DA /* Audio */ = {
			isa = PBXGroup;
			children = (
				A039D9DB1CCDE80800B0B5DA /* Music.hpp */,
				A039D9DC1CCDE80800B0B5DA /* Sound.hpp */,
			);
			path = Audio;
			sourceTree = "<group>";
		};
		A039D9DD1CCDE80800B0B5DA /* Exception */ = {
			isa = PBXGroup;
			children = (
				A039D9E01CCDE80800B0B5DA /* Graphics */,
				A039D9EA1CCDE80800B0B5DA /* Screen */,
				A039D9EC1CCDE80800B0B5DA /* Utilities */,
				A039D9DE1CCDE80800B0B5DA /* BadCastException.hpp */,
				A039D9DF1CCDE80800B0B5DA /* Exception.hpp */,
				A039D9E51CCDE80800B0B5DA /* IllegalArgumentException.hpp */,
				A039D9E61CCDE80800B0B5DA /* IllegalStateException.hpp */,
				A039D9E71CCDE80800B0B5DA /* InitializeLibraryException.hpp */,
				A05D79A61CD465D400456C8E /* NotImplementedException.hpp */,
				A039D9E81CCDE80800B0B5DA /* NumberFormatException.hpp */,
				A039D9E91CCDE80800B0B5DA /* OutOfBoundsException.hpp */,
			);
			path = Exception;
			sourceTree = "<group>";
		};
		A039D9E01CCDE80800B0B5DA /* Graphics */ = {
			isa = PBXGroup;
			children = (
				A039D9E11CCDE80800B0B5DA /* ImageOutOfBoundsException.hpp */,
				A039D9E21CCDE80800B0B5DA /* TextureImageCreateException.hpp */,
				A039D9E31CCDE80800B0B5DA /* TextureImageUpdateException.hpp */,
				A039D9E41CCDE80800B0B5DA /* UnsupportedImageFormatException.hpp */,
			);
			path = Graphics;
			sourceTree = "<group>";
		};
		A039D9EA1CCDE80800B0B5DA /* Screen */ = {
			isa = PBXGroup;
			children = (
				A039D9EB1CCDE80800B0B5DA /* ScreenNavigationException.hpp */,
			);
			path = Screen;
			sourceTree = "<group>";
		};
		A039D9EC1CCDE80800B0B5DA /* Utilities */ = {
			isa = PBXGroup;
			children = (
				A039D9F11CCDE80800B0B5DA /* Font */,
				A039D9ED1CCDE80800B0B5DA /* ArrayListOutOfBoundsException.hpp */,
				A039D9EE1CCDE80800B0B5DA /* BadAnyCastException.hpp */,
				A039D9EF1CCDE80800B0B5DA /* BadNumberCastException.hpp */,
				A039D9F01CCDE80800B0B5DA /* DataOutOfBoundsException.hpp */,
				A05D79A71CD465E300456C8E /* DictionaryKeyNotFoundException.hpp */,
				A039D9F31CCDE80800B0B5DA /* IllegalNumberOperationException.hpp */,
				A039D9F41CCDE80800B0B5DA /* StringOutOfBoundsException.hpp */,
			);
			path = Utilities;
			sourceTree = "<group>";
		};
		A039D9F11CCDE80800B0B5DA /* Font */ = {
			isa = PBXGroup;
			children = (
				A039D9F21CCDE80800B0B5DA /* RenderGlyphException.hpp */,
			);
			path = Font;
			sourceTree = "<group>";
		};
		A039D9F61CCDE80800B0B5DA /* Graphics */ = {
			isa = PBXGroup;
			children = (
				A039D9F71CCDE80800B0B5DA /* Color.hpp */,
				A039D9F81CCDE80800B0B5DA /* Graphics.hpp */,
				A039D9F91CCDE80800B0B5DA /* Image.hpp */,
				A039D9FA1CCDE80800B0B5DA /* PixelIterator.hpp */,
				A039D9FB1CCDE80800B0B5DA /* TextureImage.hpp */,
			);
			path = Graphics;
			sourceTree = "<group>";
		};
		A039D9FC1CCDE80800B0B5DA /* Input */ = {
			isa = PBXGroup;
			children = (
				A039D9FD1CCDE80800B0B5DA /* Keyboard.hpp */,
				A039D9FE1CCDE80800B0B5DA /* Mouse.hpp */,
				A039D9FF1CCDE80800B0B5DA /* Multitouch.hpp */,
			);
			path = Input;
			sourceTree = "<group>";
		};
		A039DA001CCDE80800B0B5DA /* IO */ = {
			isa = PBXGroup;
			children = (
				A039DA011CCDE80800B0B5DA /* Console.hpp */,
				A039DA021CCDE80800B0B5DA /* FileTools.hpp */,
			);
			path = IO;
			sourceTree = "<group>";
		};
		A039DA031CCDE80800B0B5DA /* Network */ = {
			isa = PBXGroup;
			children = (
				A039DA041CCDE80800B0B5DA /* NetworkProtocol.hpp */,
			);
			path = Network;
			sourceTree = "<group>";
		};
		A039DA051CCDE80800B0B5DA /* Screen */ = {
			isa = PBXGroup;
			children = (
				A039DA0C1CCDE80800B0B5DA /* Transition */,
				A039DA121CCDE80800B0B5DA /* UI */,
				A039DA061CCDE80800B0B5DA /* AutoLayoutCalculator.hpp */,
				A039DA071CCDE80800B0B5DA /* AutoLayoutManager.hpp */,
				A039DA081CCDE80800B0B5DA /* Drawable.hpp */,
				A039DA091CCDE80800B0B5DA /* Screen.hpp */,
				A039DA0A1CCDE80800B0B5DA /* ScreenElement.hpp */,
				A039DA0B1CCDE80800B0B5DA /* ScreenManager.hpp */,
				A039DA191CCDE80800B0B5DA /* Updateable.hpp */,
				A039DA1A1CCDE80800B0B5DA /* UpdateDrawable.hpp */,
			);
			path = Screen;
			sourceTree = "<group>";
		};
		A039DA0C1CCDE80800B0B5DA /* Transition */ = {
			isa = PBXGroup;
			children = (
				A039DA0D1CCDE80800B0B5DA /* FadeColorTransition.hpp */,
				A039DA0E1CCDE80800B0B5DA /* FadeZoomTransition.hpp */,
				A039DA0F1CCDE80800B0B5DA /* PopoverTransition.hpp */,
				A039DA101CCDE80800B0B5DA /* SlideTransition.hpp */,
				A039DA111CCDE80800B0B5DA /* Transition.hpp */,
			);
			path = Transition;
			sourceTree = "<group>";
		};
		A039DA121CCDE80800B0B5DA /* UI */ = {
			isa = PBXGroup;
			children = (
				A039DA131CCDE80800B0B5DA /* ActorMenuElement.hpp */,
				F16DB5981E7088E400AB31DE /* AnimationElement.hpp */,
				A039DA141CCDE80800B0B5DA /* ImageElement.hpp */,
				A039DA151CCDE80800B0B5DA /* MenuScreen.hpp */,
				A039DA161CCDE80800B0B5DA /* TextInputElement.hpp */,
				A039DA171CCDE80800B0B5DA /* TouchElement.hpp */,
				A039DA181CCDE80800B0B5DA /* ZoomPanElement.hpp */,
			);
			path = UI;
			sourceTree = "<group>";
		};
		A039DA1C1CCDE80800B0B5DA /* Utilities */ = {
			isa = PBXGroup;
			children = (
				A039DA231CCDE80800B0B5DA /* Font */,
				A039DA261CCDE80800B0B5DA /* Geometry */,
				A039DA351CCDE80800B0B5DA /* Time */,
				A039DA1D1CCDE80800B0B5DA /* Any.hpp */,
				A039DA1E1CCDE80800B0B5DA /* ArrayList.hpp */,
				A039DA1F1CCDE80800B0B5DA /* BasicString.hpp */,
				A039DA201CCDE80800B0B5DA /* BasicString.impl */,
				A039DA211CCDE80800B0B5DA /* Data.hpp */,
				A039DA221CCDE80800B0B5DA /* Dictionary.hpp */,
				A05D79A51CD465AE00456C8E /* Dictionary.impl */,
				A039DA2D1CCDE80800B0B5DA /* Math.hpp */,
				A039DA2E1CCDE80800B0B5DA /* Number.hpp */,
				A039DA2F1CCDE80800B0B5DA /* Number.impl */,
				A039DA311CCDE80800B0B5DA /* PlatformChecks.hpp */,
				F15F32221E25730900710AC8 /* Plist.hpp */,
				A039DA321CCDE80800B0B5DA /* String.hpp */,
				A039DA331CCDE80800B0B5DA /* Stringifier.hpp */,
				A039DA341CCDE80800B0B5DA /* Thread.hpp */,
				F14962301E24000A00C37F22 /* Tools.hpp */,
			);
			path = Utilities;
			sourceTree = "<group>";
		};
		A039DA231CCDE80800B0B5DA /* Font */ = {
			isa = PBXGroup;
			children = (
				A039DA241CCDE80800B0B5DA /* Font.hpp */,
				A039DA251CCDE80800B0B5DA /* RenderedGlyphContainer.hpp */,
			);
			path = Font;
			sourceTree = "<group>";
		};
		A039DA261CCDE80800B0B5DA /* Geometry */ = {
			isa = PBXGroup;
			children = (
				A039DA271CCDE80800B0B5DA /* Circle.hpp */,
				F15F32231E25739E00710AC8 /* Line.hpp */,
				A039DA281CCDE80800B0B5DA /* Polygon.hpp */,
				A039DA291CCDE80800B0B5DA /* Rectangle.hpp */,
				A039DA2A1CCDE80800B0B5DA /* Transform.hpp */,
				A039DA2B1CCDE80800B0B5DA /* ValueEase.hpp */,
				A039DA2C1CCDE80800B0B5DA /* Vector2.hpp */,
				F1C39D521E3920A4008A5EF6 /* Vector3.hpp */,
			);
			path = Geometry;
			sourceTree = "<group>";
		};
		A039DA351CCDE80800B0B5DA /* Time */ = {
			isa = PBXGroup;
			children = (
				A039DA361CCDE80800B0B5DA /* DateTime.hpp */,
				A039DA371CCDE80800B0B5DA /* TimeInterval.hpp */,
			);
			path = Time;
			sourceTree = "<group>";
		};
		A039DA381CCDE80800B0B5DA /* Window */ = {
			isa = PBXGroup;
			children = (
				F17D96E31E6DB57C003F4D85 /* AssetManager.hpp */,
				A039DA391CCDE80800B0B5DA /* MessageBox.hpp */,
				F17D96E41E6DB581003F4D85 /* Viewport.hpp */,
				A039DA3B1CCDE80800B0B5DA /* Window.hpp */,
			);
			path = Window;
			sourceTree = "<group>";
		};
		A039DA3C1CCDE86A00B0B5DA /* external */ = {
			isa = PBXGroup;
			children = (
				A039DA3D1CCDE86A00B0B5DA /* base64 */,
				A039DA431CCDE86A00B0B5DA /* pugixml */,
				F15BC3771E437880001910A4 /* SDL */,
			);
			path = external;
			sourceTree = "<group>";
		};
		A039DA3D1CCDE86A00B0B5DA /* base64 */ = {
			isa = PBXGroup;
			children = (
				A039DA3E1CCDE86A00B0B5DA /* include */,
			);
			path = base64;
			sourceTree = "<group>";
		};
		A039DA3E1CCDE86A00B0B5DA /* include */ = {
			isa = PBXGroup;
			children = (
				A039DA3F1CCDE86A00B0B5DA /* base64.hpp */,
			);
			path = include;
			sourceTree = "<group>";
		};
		A039DA431CCDE86A00B0B5DA /* pugixml */ = {
			isa = PBXGroup;
			children = (
				A039DA471CCDE86A00B0B5DA /* src */,
			);
			path = pugixml;
			sourceTree = "<group>";
		};
		A039DA471CCDE86A00B0B5DA /* src */ = {
			isa = PBXGroup;
			children = (
				F16ACC3D1E3A9A5500DC5DC9 /* pugiconfig.hpp */,
				F16ACC3E1E3A9A5500DC5DC9 /* pugixml.hpp */,
				A039DA481CCDE86A00B0B5DA /* pugixml.cpp */,
			);
			path = src;
			sourceTree = "<group>";
		};
		A039DAB71CCDE89E00B0B5DA /* src */ = {
			isa = PBXGroup;
			children = (
				A039DAB81CCDE89E00B0B5DA /* Actor */,
				A039DABE1CCDE89E00B0B5DA /* Application */,
				A039DAC51CCDE89E00B0B5DA /* Audio */,
				A039DAC81CCDE89E00B0B5DA /* Exception */,
				A039DAE21CCDE89E00B0B5DA /* Graphics */,
				A039DAE81CCDE89E00B0B5DA /* Input */,
				A039DAEC1CCDE89E00B0B5DA /* IO */,
				A039DAF01CCDE89E00B0B5DA /* Network */,
				A039DAF21CCDE89E00B0B5DA /* Screen */,
				A039DB041CCDE89E00B0B5DA /* Utilities */,
				A039DB171CCDE89E00B0B5DA /* Window */,
				A039DAE11CCDE89E00B0B5DA /* GameLibrary.cpp */,
			);
			path = src;
			sourceTree = "<group>";
		};
		A039DAB81CCDE89E00B0B5DA /* Actor */ = {
			isa = PBXGroup;
			children = (
				A039DAB91CCDE89E00B0B5DA /* Actor.cpp */,
				A039DABA1CCDE89E00B0B5DA /* Animation.cpp */,
				F16DB59A1E708DC600AB31DE /* AnimationPlayer.cpp */,
				A039DABB1CCDE89E00B0B5DA /* SpriteActor.cpp */,
				A039DABC1CCDE89E00B0B5DA /* TextActor.cpp */,
				A039DABD1CCDE89E00B0B5DA /* WireframeActor.cpp */,
			);
			path = Actor;
			sourceTree = "<group>";
		};
		A039DABE1CCDE89E00B0B5DA /* Application */ = {
			isa = PBXGroup;
			children = (
				A039DABF1CCDE89E00B0B5DA /* Application.cpp */,
				A039DAC01CCDE89E00B0B5DA /* ApplicationData.cpp */,
				A039DAC21CCDE89E00B0B5DA /* BatchLoader.cpp */,
				A039DAC41CCDE89E00B0B5DA /* EventManager.hpp */,
				A039DAC31CCDE89E00B0B5DA /* EventManager.cpp */,
			);
			path = Application;
			sourceTree = "<group>";
		};
		A039DAC51CCDE89E00B0B5DA /* Audio */ = {
			isa = PBXGroup;
			children = (
				A039DAC61CCDE89E00B0B5DA /* Music.cpp */,
				A039DAC71CCDE89E00B0B5DA /* Sound.cpp */,
			);
			path = Audio;
			sourceTree = "<group>";
		};
		A039DAC81CCDE89E00B0B5DA /* Exception */ = {
			isa = PBXGroup;
			children = (
				A039DACC1CCDE89E00B0B5DA /* Graphics */,
				A039DAD61CCDE89E00B0B5DA /* Screen */,
				A039DAD81CCDE89E00B0B5DA /* Utilities */,
				A039DAC91CCDE89E00B0B5DA /* BadCastException.cpp */,
				A039DACA1CCDE89E00B0B5DA /* Exception.cpp */,
				A039DACB1CCDE89E00B0B5DA /* ExceptionMacros.hpp */,
				A039DAD11CCDE89E00B0B5DA /* IllegalArgumentException.cpp */,
				A039DAD21CCDE89E00B0B5DA /* IllegalStateException.cpp */,
				A039DAD31CCDE89E00B0B5DA /* InitializeLibraryException.cpp */,
				A05D79A81CD4660300456C8E /* NotImplementedException.cpp */,
				A039DAD41CCDE89E00B0B5DA /* NumberFormatException.cpp */,
				A039DAD51CCDE89E00B0B5DA /* OutOfBoundsException.cpp */,
			);
			path = Exception;
			sourceTree = "<group>";
		};
		A039DACC1CCDE89E00B0B5DA /* Graphics */ = {
			isa = PBXGroup;
			children = (
				A039DACD1CCDE89E00B0B5DA /* ImageOutOfBoundsException.cpp */,
				A039DACE1CCDE89E00B0B5DA /* TextureImageCreateException.cpp */,
				A039DACF1CCDE89E00B0B5DA /* TextureImageUpdateException.cpp */,
				A039DAD01CCDE89E00B0B5DA /* UnsupportedImageFormatException.cpp */,
			);
			path = Graphics;
			sourceTree = "<group>";
		};
		A039DAD61CCDE89E00B0B5DA /* Screen */ = {
			isa = PBXGroup;
			children = (
				A039DAD71CCDE89E00B0B5DA /* ScreenNavigationException.cpp */,
			);
			path = Screen;
			sourceTree = "<group>";
		};
		A039DAD81CCDE89E00B0B5DA /* Utilities */ = {
			isa = PBXGroup;
			children = (
				A039DADD1CCDE89E00B0B5DA /* Font */,
				A039DAD91CCDE89E00B0B5DA /* ArrayListOutOfBoundsException.cpp */,
				A039DADA1CCDE89E00B0B5DA /* BadAnyCastException.cpp */,
				A039DADB1CCDE89E00B0B5DA /* BadNumberCastException.cpp */,
				A039DADC1CCDE89E00B0B5DA /* DataOutOfBoundsException.cpp */,
				A05D79AA1CD4661E00456C8E /* DictionaryKeyNotFoundException.cpp */,
				A039DADF1CCDE89E00B0B5DA /* IllegalNumberOperationException.cpp */,
				A039DAE01CCDE89E00B0B5DA /* StringOutOfBoundsException.cpp */,
			);
			path = Utilities;
			sourceTree = "<group>";
		};
		A039DADD1CCDE89E00B0B5DA /* Font */ = {
			isa = PBXGroup;
			children = (
				A039DADE1CCDE89E00B0B5DA /* RenderGlyphException.cpp */,
			);
			path = Font;
			sourceTree = "<group>";
		};
		A039DAE21CCDE89E00B0B5DA /* Graphics */ = {
			isa = PBXGroup;
			children = (
				A039DAE31CCDE89E00B0B5DA /* Color.cpp */,
				A039DAE41CCDE89E00B0B5DA /* Graphics.cpp */,
				A039DAE51CCDE89E00B0B5DA /* Image.cpp */,
				A039DAE61CCDE89E00B0B5DA /* PixelIterator.cpp */,
				A039DAE71CCDE89E00B0B5DA /* TextureImage.cpp */,
			);
			path = Graphics;
			sourceTree = "<group>";
		};
		A039DAE81CCDE89E00B0B5DA /* Input */ = {
			isa = PBXGroup;
			children = (
				A039DAE91CCDE89E00B0B5DA /* Keyboard.cpp */,
				A039DAEA1CCDE89E00B0B5DA /* Mouse.cpp */,
				A039DAEB1CCDE89E00B0B5DA /* Multitouch.cpp */,
			);
			path = Input;
			sourceTree = "<group>";
		};
		A039DAEC1CCDE89E00B0B5DA /* IO */ = {
			isa = PBXGroup;
			children = (
				A039DAED1CCDE89E00B0B5DA /* Console.cpp */,
				A039DAEE1CCDE89E00B0B5DA /* FileTools.cpp */,
				A039DAEF1CCDE89E00B0B5DA /* FileTools.mm */,
			);
			path = IO;
			sourceTree = "<group>";
		};
		A039DAF01CCDE89E00B0B5DA /* Network */ = {
			isa = PBXGroup;
			children = (
				A039DAF11CCDE89E00B0B5DA /* NetworkProtocol.cpp */,
			);
			path = Network;
			sourceTree = "<group>";
		};
		A039DAF21CCDE89E00B0B5DA /* Screen */ = {
			isa = PBXGroup;
			children = (
				A039DAF81CCDE89E00B0B5DA /* Transition */,
				A039DAFD1CCDE89E00B0B5DA /* UI */,
				A039DAF31CCDE89E00B0B5DA /* AutoLayoutCalculator.cpp */,
				A039DAF41CCDE89E00B0B5DA /* AutoLayoutManager.cpp */,
				A039DAF51CCDE89E00B0B5DA /* Screen.cpp */,
				A039DAF61CCDE89E00B0B5DA /* ScreenElement.cpp */,
				A039DAF71CCDE89E00B0B5DA /* ScreenManager.cpp */,
			);
			path = Screen;
			sourceTree = "<group>";
		};
		A039DAF81CCDE89E00B0B5DA /* Transition */ = {
			isa = PBXGroup;
			children = (
				A039DAF91CCDE89E00B0B5DA /* FadeColorTransition.cpp */,
				A039DAFA1CCDE89E00B0B5DA /* FadeZoomTransition.cpp */,
				A039DAFB1CCDE89E00B0B5DA /* PopoverTransition.cpp */,
				A039DAFC1CCDE89E00B0B5DA /* SlideTransition.cpp */,
			);
			path = Transition;
			sourceTree = "<group>";
		};
		A039DAFD1CCDE89E00B0B5DA /* UI */ = {
			isa = PBXGroup;
			children = (
				A039DAFE1CCDE89E00B0B5DA /* ActorMenuElement.cpp */,
				F16DB5901E7088C700AB31DE /* AnimationElement.cpp */,
				A039DAFF1CCDE89E00B0B5DA /* ImageElement.cpp */,
				A039DB001CCDE89E00B0B5DA /* MenuScreen.cpp */,
				A039DB011CCDE89E00B0B5DA /* TextInputElement.cpp */,
				A039DB021CCDE89E00B0B5DA /* TouchElement.cpp */,
				A039DB031CCDE89E00B0B5DA /* ZoomPanElement.cpp */,
			);
			path = UI;
			sourceTree = "<group>";
		};
		A039DB041CCDE89E00B0B5DA /* Utilities */ = {
			isa = PBXGroup;
			children = (
				A039DB071CCDE89E00B0B5DA /* Font */,
				A039DB0D1CCDE89E00B0B5DA /* Time */,
				A039DB051CCDE89E00B0B5DA /* Data.cpp */,
				A039DB0A1CCDE89E00B0B5DA /* Math.cpp */,
				A0298F871CCF495D00886B06 /* Number.cpp */,
				F15F32241E2573C100710AC8 /* Plist.cpp */,
				A039DB0C1CCDE89E00B0B5DA /* Thread.cpp */,
				F15F32261E2573C600710AC8 /* Tools.cpp */,
			);
			path = Utilities;
			sourceTree = "<group>";
		};
		A039DB071CCDE89E00B0B5DA /* Font */ = {
			isa = PBXGroup;
			children = (
				A039DB081CCDE89E00B0B5DA /* Font.cpp */,
				A039DB091CCDE89E00B0B5DA /* RenderedGlyphContainer.cpp */,
			);
			path = Font;
			sourceTree = "<group>";
		};
		A039DB0D1CCDE89E00B0B5DA /* Time */ = {
			isa = PBXGroup;
			children = (
				A039DB111CCDE89E00B0B5DA /* time64 */,
				A039DB0E1CCDE89E00B0B5DA /* DateTime.cpp */,
				A039DB101CCDE89E00B0B5DA /* posixtime.h */,
				A039DB0F1CCDE89E00B0B5DA /* posixtime.cpp */,
				A039DB161CCDE89E00B0B5DA /* TimeInterval.cpp */,
			);
			path = Time;
			sourceTree = "<group>";
		};
		A039DB111CCDE89E00B0B5DA /* time64 */ = {
			isa = PBXGroup;
			children = (
				A039DB121CCDE89E00B0B5DA /* time64.c */,
				A039DB131CCDE89E00B0B5DA /* time64.h */,
				A039DB141CCDE89E00B0B5DA /* time64_config.h */,
				A039DB151CCDE89E00B0B5DA /* time64_limits.h */,
			);
			path = time64;
			sourceTree = "<group>";
		};
		A039DB171CCDE89E00B0B5DA /* Window */ = {
			isa = PBXGroup;
			children = (
				F17D96E51E6DB59C003F4D85 /* AssetManager.cpp */,
				A039DB181CCDE89E00B0B5DA /* MessageBox.cpp */,
				A039DB191CCDE89E00B0B5DA /* MessageBox.mm */,
				F17D96E71E6DB5A1003F4D85 /* Viewport.cpp */,
				A039DB1B1CCDE89E00B0B5DA /* Window.cpp */,
			);
			path = Window;
			sourceTree = "<group>";
		};
		F14962311E2413EA00C37F22 /* dependencies */ = {
			isa = PBXGroup;
			children = (
				F14962321E24140B00C37F22 /* SDL.xcodeproj */,
				F149623F1E2415CF00C37F22 /* SDL_image.xcodeproj */,
				F14962481E2415F400C37F22 /* SDL_mixer.xcodeproj */,
				F149624E1E2415FE00C37F22 /* SDL_ttf.xcodeproj */,
			);
			name = dependencies;
			sourceTree = "<group>";
		};
		F14962331E24140B00C37F22 /* Products */ = {
			isa = PBXGroup;
			children = (
				F14962391E24140C00C37F22 /* libSDL2.a */,
				F149623B1E24140C00C37F22 /* libSDL2.a */,
			);
			name = Products;
			sourceTree = "<group>";
		};
		F14962401E2415CF00C37F22 /* Products */ = {
			isa = PBXGroup;
			children = (
				F14962471E2415CF00C37F22 /* libSDL2_image.a */,
			);
			name = Products;
			sourceTree = "<group>";
		};
		F14962491E2415F400C37F22 /* Products */ = {
			isa = PBXGroup;
			children = (
				F149624D1E2415F400C37F22 /* libSDL2_mixer.a */,
			);
			name = Products;
			sourceTree = "<group>";
		};
		F149624F1E2415FE00C37F22 /* Products */ = {
			isa = PBXGroup;
			children = (
				F14962531E2415FE00C37F22 /* libSDL2_ttf.a */,
			);
			name = Products;
			sourceTree = "<group>";
		};
		F15BC3771E437880001910A4 /* SDL */ = {
			isa = PBXGroup;
			children = (
				F15BC37E1E437899001910A4 /* SDL_gfx */,
			);
			path = SDL;
			sourceTree = "<group>";
		};
		F15BC37E1E437899001910A4 /* SDL_gfx */ = {
			isa = PBXGroup;
			children = (
				F15BC37F1E4378B7001910A4 /* SDL2_framerate.c */,
				F15BC3801E4378B7001910A4 /* SDL2_framerate.h */,
				F15BC3811E4378B7001910A4 /* SDL2_gfxPrimitives_font.h */,
				F15BC3821E4378B7001910A4 /* SDL2_gfxPrimitives.c */,
				F15BC3831E4378B7001910A4 /* SDL2_gfxPrimitives.h */,
				F15BC3841E4378B7001910A4 /* SDL2_imageFilter.c */,
				F15BC3851E4378B7001910A4 /* SDL2_imageFilter.h */,
				F15BC3861E4378B7001910A4 /* SDL2_rotozoom.c */,
				F15BC3871E4378B7001910A4 /* SDL2_rotozoom.h */,
			);
			path = SDL_gfx;
			sourceTree = "<group>";
		};
/* End PBXGroup section */

/* Begin PBXNativeTarget section */
		A039D8261CCDE2D500B0B5DA /* GameLibrary */ = {
			isa = PBXNativeTarget;
			buildConfigurationList = A039D8301CCDE2D500B0B5DA /* Build configuration list for PBXNativeTarget "GameLibrary" */;
			buildPhases = (
				A039D8231CCDE2D500B0B5DA /* Sources */,
				A039D8241CCDE2D500B0B5DA /* Frameworks */,
				A039D8251CCDE2D500B0B5DA /* CopyFiles */,
			);
			buildRules = (
			);
			dependencies = (
			);
			name = GameLibrary;
			productName = GameLibrary;
			productReference = A039D8271CCDE2D500B0B5DA /* libGameLibrary.a */;
			productType = "com.apple.product-type.library.static";
		};
/* End PBXNativeTarget section */

/* Begin PBXProject section */
		A039D81F1CCDE2D500B0B5DA /* Project object */ = {
			isa = PBXProject;
			attributes = {
				LastUpgradeCheck = 0820;
				ORGANIZATIONNAME = "Luis Finke";
				TargetAttributes = {
					A039D8261CCDE2D500B0B5DA = {
						CreatedOnToolsVersion = 7.3;
					};
				};
			};
			buildConfigurationList = A039D8221CCDE2D500B0B5DA /* Build configuration list for PBXProject "GameLibrary" */;
			compatibilityVersion = "Xcode 3.2";
			developmentRegion = English;
			hasScannedForEncodings = 0;
			knownRegions = (
				en,
			);
			mainGroup = A039D81E1CCDE2D500B0B5DA;
			productRefGroup = A039D8281CCDE2D500B0B5DA /* Products */;
			projectDirPath = "";
			projectReferences = (
				{
					ProductGroup = F14962331E24140B00C37F22 /* Products */;
					ProjectRef = F14962321E24140B00C37F22 /* SDL.xcodeproj */;
				},
				{
					ProductGroup = F14962401E2415CF00C37F22 /* Products */;
					ProjectRef = F149623F1E2415CF00C37F22 /* SDL_image.xcodeproj */;
				},
				{
					ProductGroup = F14962491E2415F400C37F22 /* Products */;
					ProjectRef = F14962481E2415F400C37F22 /* SDL_mixer.xcodeproj */;
				},
				{
					ProductGroup = F149624F1E2415FE00C37F22 /* Products */;
					ProjectRef = F149624E1E2415FE00C37F22 /* SDL_ttf.xcodeproj */;
				},
			);
			projectRoot = "";
			targets = (
				A039D8261CCDE2D500B0B5DA /* GameLibrary */,
			);
		};
/* End PBXProject section */

/* Begin PBXReferenceProxy section */
		F14962391E24140C00C37F22 /* libSDL2.a */ = {
			isa = PBXReferenceProxy;
			fileType = archive.ar;
			path = libSDL2.a;
			remoteRef = F14962381E24140C00C37F22 /* PBXContainerItemProxy */;
			sourceTree = BUILT_PRODUCTS_DIR;
		};
		F149623B1E24140C00C37F22 /* libSDL2.a */ = {
			isa = PBXReferenceProxy;
			fileType = archive.ar;
			path = libSDL2.a;
			remoteRef = F149623A1E24140C00C37F22 /* PBXContainerItemProxy */;
			sourceTree = BUILT_PRODUCTS_DIR;
		};
		F14962471E2415CF00C37F22 /* libSDL2_image.a */ = {
			isa = PBXReferenceProxy;
			fileType = archive.ar;
			path = libSDL2_image.a;
			remoteRef = F14962461E2415CF00C37F22 /* PBXContainerItemProxy */;
			sourceTree = BUILT_PRODUCTS_DIR;
		};
		F149624D1E2415F400C37F22 /* libSDL2_mixer.a */ = {
			isa = PBXReferenceProxy;
			fileType = archive.ar;
			path = libSDL2_mixer.a;
			remoteRef = F149624C1E2415F400C37F22 /* PBXContainerItemProxy */;
			sourceTree = BUILT_PRODUCTS_DIR;
		};
		F14962531E2415FE00C37F22 /* libSDL2_ttf.a */ = {
			isa = PBXReferenceProxy;
			fileType = archive.ar;
			path = libSDL2_ttf.a;
			remoteRef = F14962521E2415FE00C37F22 /* PBXContainerItemProxy */;
			sourceTree = BUILT_PRODUCTS_DIR;
		};
/* End PBXReferenceProxy section */

/* Begin PBXSourcesBuildPhase section */
		A039D8231CCDE2D500B0B5DA /* Sources */ = {
			isa = PBXSourcesBuildPhase;
			buildActionMask = 2147483647;
			files = (
				A039DB421CCDE89E00B0B5DA /* Mouse.cpp in Sources */,
				A039DB1F1CCDE89E00B0B5DA /* TextActor.cpp in Sources */,
				A039DB261CCDE89E00B0B5DA /* Music.cpp in Sources */,
				A039DB631CCDE89E00B0B5DA /* MessageBox.mm in Sources */,
				A039DB5B1CCDE89E00B0B5DA /* Math.cpp in Sources */,
				A039DB371CCDE89E00B0B5DA /* DataOutOfBoundsException.cpp in Sources */,
				A039DB4F1CCDE89E00B0B5DA /* PopoverTransition.cpp in Sources */,
				A039DB2E1CCDE89E00B0B5DA /* IllegalArgumentException.cpp in Sources */,
				A039DB611CCDE89E00B0B5DA /* TimeInterval.cpp in Sources */,
				A039DB541CCDE89E00B0B5DA /* TextInputElement.cpp in Sources */,
				A039DB521CCDE89E00B0B5DA /* ImageElement.cpp in Sources */,
				A039DB551CCDE89E00B0B5DA /* TouchElement.cpp in Sources */,
				A039DB3E1CCDE89E00B0B5DA /* Image.cpp in Sources */,
				A039DB561CCDE89E00B0B5DA /* ZoomPanElement.cpp in Sources */,
				A039DB1D1CCDE89E00B0B5DA /* Animation.cpp in Sources */,
				A039DB5E1CCDE89E00B0B5DA /* DateTime.cpp in Sources */,
				A039DB211CCDE89E00B0B5DA /* Application.cpp in Sources */,
				F16DB59B1E708DC600AB31DE /* AnimationPlayer.cpp in Sources */,
				A039DB3D1CCDE89E00B0B5DA /* Graphics.cpp in Sources */,
				A039DB451CCDE89E00B0B5DA /* FileTools.cpp in Sources */,
				A039DB201CCDE89E00B0B5DA /* WireframeActor.cpp in Sources */,
				A0298F881CCF495D00886B06 /* Number.cpp in Sources */,
				A039DB5D1CCDE89E00B0B5DA /* Thread.cpp in Sources */,
				A039DB481CCDE89E00B0B5DA /* AutoLayoutCalculator.cpp in Sources */,
				A039DB381CCDE89E00B0B5DA /* RenderGlyphException.cpp in Sources */,
				F17D96E61E6DB59C003F4D85 /* AssetManager.cpp in Sources */,
				A039DB241CCDE89E00B0B5DA /* BatchLoader.cpp in Sources */,
				A039DB431CCDE89E00B0B5DA /* Multitouch.cpp in Sources */,
				A039DB2B1CCDE89E00B0B5DA /* TextureImageCreateException.cpp in Sources */,
				A039DB2C1CCDE89E00B0B5DA /* TextureImageUpdateException.cpp in Sources */,
				F17D96E81E6DB5A1003F4D85 /* Viewport.cpp in Sources */,
				A039DB251CCDE89E00B0B5DA /* EventManager.cpp in Sources */,
				A05D79AB1CD4661E00456C8E /* DictionaryKeyNotFoundException.cpp in Sources */,
				A039DB591CCDE89E00B0B5DA /* Font.cpp in Sources */,
				A05D79A91CD4660300456C8E /* NotImplementedException.cpp in Sources */,
				A039DB3A1CCDE89E00B0B5DA /* StringOutOfBoundsException.cpp in Sources */,
				A039DB511CCDE89E00B0B5DA /* ActorMenuElement.cpp in Sources */,
				F15BC38B1E4378B7001910A4 /* SDL2_rotozoom.c in Sources */,
				A039DB4D1CCDE89E00B0B5DA /* FadeColorTransition.cpp in Sources */,
				A039DB4C1CCDE89E00B0B5DA /* ScreenManager.cpp in Sources */,
				A039DB351CCDE89E00B0B5DA /* BadAnyCastException.cpp in Sources */,
				A039DB3B1CCDE89E00B0B5DA /* GameLibrary.cpp in Sources */,
				A039DB3C1CCDE89E00B0B5DA /* Color.cpp in Sources */,
				F15BC3881E4378B7001910A4 /* SDL2_framerate.c in Sources */,
				A039DB5F1CCDE89E00B0B5DA /* posixtime.cpp in Sources */,
				A039DB301CCDE89E00B0B5DA /* InitializeLibraryException.cpp in Sources */,
				A039DB2D1CCDE89E00B0B5DA /* UnsupportedImageFormatException.cpp in Sources */,
				A039DB621CCDE89E00B0B5DA /* MessageBox.cpp in Sources */,
				A039DB2F1CCDE89E00B0B5DA /* IllegalStateException.cpp in Sources */,
				F15F32271E2573C600710AC8 /* Tools.cpp in Sources */,
				A039DB1E1CCDE89E00B0B5DA /* SpriteActor.cpp in Sources */,
				A0298F861CCF492C00886B06 /* pugixml.cpp in Sources */,
				A039DB4A1CCDE89E00B0B5DA /* Screen.cpp in Sources */,
				A039DB601CCDE89E00B0B5DA /* time64.c in Sources */,
				A039DB461CCDE89E00B0B5DA /* FileTools.mm in Sources */,
				A039DB311CCDE89E00B0B5DA /* NumberFormatException.cpp in Sources */,
				A039DB471CCDE89E00B0B5DA /* NetworkProtocol.cpp in Sources */,
				A039DB571CCDE89E00B0B5DA /* Data.cpp in Sources */,
				A039DB411CCDE89E00B0B5DA /* Keyboard.cpp in Sources */,
				A039DB221CCDE89E00B0B5DA /* ApplicationData.cpp in Sources */,
				A039DB4E1CCDE89E00B0B5DA /* FadeZoomTransition.cpp in Sources */,
				F15BC3891E4378B7001910A4 /* SDL2_gfxPrimitives.c in Sources */,
				A039DB361CCDE89E00B0B5DA /* BadNumberCastException.cpp in Sources */,
				A039DB501CCDE89E00B0B5DA /* SlideTransition.cpp in Sources */,
				A039DB321CCDE89E00B0B5DA /* OutOfBoundsException.cpp in Sources */,
				A039DB491CCDE89E00B0B5DA /* AutoLayoutManager.cpp in Sources */,
				A039DB5A1CCDE89E00B0B5DA /* RenderedGlyphContainer.cpp in Sources */,
				A039DB2A1CCDE89E00B0B5DA /* ImageOutOfBoundsException.cpp in Sources */,
				A039DB531CCDE89E00B0B5DA /* MenuScreen.cpp in Sources */,
				A039DB1C1CCDE89E00B0B5DA /* Actor.cpp in Sources */,
				A039DB341CCDE89E00B0B5DA /* ArrayListOutOfBoundsException.cpp in Sources */,
				A039DB401CCDE89E00B0B5DA /* TextureImage.cpp in Sources */,
				A039DB291CCDE89E00B0B5DA /* Exception.cpp in Sources */,
				A039DB651CCDE89E00B0B5DA /* Window.cpp in Sources */,
				A039DB331CCDE89E00B0B5DA /* ScreenNavigationException.cpp in Sources */,
				A039DB391CCDE89E00B0B5DA /* IllegalNumberOperationException.cpp in Sources */,
				A039DB271CCDE89E00B0B5DA /* Sound.cpp in Sources */,
				F16DB5911E7088C700AB31DE /* AnimationElement.cpp in Sources */,
				A039DB4B1CCDE89E00B0B5DA /* ScreenElement.cpp in Sources */,
				A039DB441CCDE89E00B0B5DA /* Console.cpp in Sources */,
				A039DB3F1CCDE89E00B0B5DA /* PixelIterator.cpp in Sources */,
				A039DB281CCDE89E00B0B5DA /* BadCastException.cpp in Sources */,
				F15BC38A1E4378B7001910A4 /* SDL2_imageFilter.c in Sources */,
				F15F32251E2573C100710AC8 /* Plist.cpp in Sources */,
			);
			runOnlyForDeploymentPostprocessing = 0;
		};
/* End PBXSourcesBuildPhase section */

/* Begin XCBuildConfiguration section */
		A039D82E1CCDE2D500B0B5DA /* Debug */ = {
			isa = XCBuildConfiguration;
			buildSettings = {
				ALWAYS_SEARCH_USER_PATHS = NO;
				CLANG_ANALYZER_NONNULL = YES;
				CLANG_CXX_LANGUAGE_STANDARD = "gnu++0x";
				CLANG_CXX_LIBRARY = "libc++";
				CLANG_ENABLE_MODULES = YES;
				CLANG_ENABLE_OBJC_ARC = YES;
				CLANG_WARN_BOOL_CONVERSION = YES;
				CLANG_WARN_CONSTANT_CONVERSION = YES;
				CLANG_WARN_DIRECT_OBJC_ISA_USAGE = YES_ERROR;
				CLANG_WARN_EMPTY_BODY = YES;
				CLANG_WARN_ENUM_CONVERSION = YES;
				CLANG_WARN_INFINITE_RECURSION = YES;
				CLANG_WARN_INT_CONVERSION = YES;
				CLANG_WARN_OBJC_ROOT_CLASS = YES_ERROR;
				CLANG_WARN_SUSPICIOUS_MOVE = YES;
				CLANG_WARN_UNREACHABLE_CODE = YES;
				CLANG_WARN__DUPLICATE_METHOD_MATCH = YES;
				"CODE_SIGN_IDENTITY[sdk=iphoneos*]" = "iPhone Developer";
				COPY_PHASE_STRIP = NO;
				DEBUG_INFORMATION_FORMAT = dwarf;
				ENABLE_STRICT_OBJC_MSGSEND = YES;
				ENABLE_TESTABILITY = YES;
				GCC_C_LANGUAGE_STANDARD = gnu99;
				GCC_DYNAMIC_NO_PIC = NO;
				GCC_NO_COMMON_BLOCKS = YES;
				GCC_OPTIMIZATION_LEVEL = 0;
				GCC_PREPROCESSOR_DEFINITIONS = (
					"DEBUG=1",
					"$(inherited)",
				);
				GCC_WARN_64_TO_32_BIT_CONVERSION = YES;
				GCC_WARN_ABOUT_RETURN_TYPE = YES_ERROR;
				GCC_WARN_UNDECLARED_SELECTOR = YES;
				GCC_WARN_UNINITIALIZED_AUTOS = YES_AGGRESSIVE;
				GCC_WARN_UNUSED_FUNCTION = YES;
				GCC_WARN_UNUSED_VARIABLE = YES;
				IPHONEOS_DEPLOYMENT_TARGET = 9.3;
				MTL_ENABLE_DEBUG_INFO = YES;
				ONLY_ACTIVE_ARCH = YES;
				SDKROOT = iphoneos;
			};
			name = Debug;
		};
		A039D82F1CCDE2D500B0B5DA /* Release */ = {
			isa = XCBuildConfiguration;
			buildSettings = {
				ALWAYS_SEARCH_USER_PATHS = NO;
				CLANG_ANALYZER_NONNULL = YES;
				CLANG_CXX_LANGUAGE_STANDARD = "gnu++0x";
				CLANG_CXX_LIBRARY = "libc++";
				CLANG_ENABLE_MODULES = YES;
				CLANG_ENABLE_OBJC_ARC = YES;
				CLANG_WARN_BOOL_CONVERSION = YES;
				CLANG_WARN_CONSTANT_CONVERSION = YES;
				CLANG_WARN_DIRECT_OBJC_ISA_USAGE = YES_ERROR;
				CLANG_WARN_EMPTY_BODY = YES;
				CLANG_WARN_ENUM_CONVERSION = YES;
				CLANG_WARN_INFINITE_RECURSION = YES;
				CLANG_WARN_INT_CONVERSION = YES;
				CLANG_WARN_OBJC_ROOT_CLASS = YES_ERROR;
				CLANG_WARN_SUSPICIOUS_MOVE = YES;
				CLANG_WARN_UNREACHABLE_CODE = YES;
				CLANG_WARN__DUPLICATE_METHOD_MATCH = YES;
				"CODE_SIGN_IDENTITY[sdk=iphoneos*]" = "iPhone Developer";
				COPY_PHASE_STRIP = NO;
				DEBUG_INFORMATION_FORMAT = "dwarf-with-dsym";
				ENABLE_NS_ASSERTIONS = NO;
				ENABLE_STRICT_OBJC_MSGSEND = YES;
				GCC_C_LANGUAGE_STANDARD = gnu99;
				GCC_NO_COMMON_BLOCKS = YES;
				GCC_WARN_64_TO_32_BIT_CONVERSION = YES;
				GCC_WARN_ABOUT_RETURN_TYPE = YES_ERROR;
				GCC_WARN_UNDECLARED_SELECTOR = YES;
				GCC_WARN_UNINITIALIZED_AUTOS = YES_AGGRESSIVE;
				GCC_WARN_UNUSED_FUNCTION = YES;
				GCC_WARN_UNUSED_VARIABLE = YES;
				IPHONEOS_DEPLOYMENT_TARGET = 9.3;
				MTL_ENABLE_DEBUG_INFO = NO;
				SDKROOT = iphoneos;
				VALIDATE_PRODUCT = YES;
			};
			name = Release;
		};
		A039D8311CCDE2D500B0B5DA /* Debug */ = {
			isa = XCBuildConfiguration;
			buildSettings = {
				HEADER_SEARCH_PATHS = (
					../../include,
					../../external/base64/include,
					../../external/pugixml/src,
					../../external/SDL/SDL/include,
					../../external/SDL/SDL_image,
					../../external/SDL/SDL_mixer,
					../../external/SDL/SDL_ttf,
					../../external/SDL/SDL_gfx,
				);
				LIBRARY_SEARCH_PATHS = "";
				OTHER_LDFLAGS = "-ObjC";
				PRODUCT_NAME = "$(TARGET_NAME)";
				SKIP_INSTALL = YES;
			};
			name = Debug;
		};
		A039D8321CCDE2D500B0B5DA /* Release */ = {
			isa = XCBuildConfiguration;
			buildSettings = {
				HEADER_SEARCH_PATHS = (
					../../include,
					../../external/base64/include,
					../../external/pugixml/src,
					../../external/SDL/SDL/include,
					../../external/SDL/SDL_image,
					../../external/SDL/SDL_mixer,
					../../external/SDL/SDL_ttf,
					../../external/SDL/SDL_gfx,
				);
				LIBRARY_SEARCH_PATHS = "";
				OTHER_LDFLAGS = "-ObjC";
				PRODUCT_NAME = "$(TARGET_NAME)";
				SKIP_INSTALL = YES;
			};
			name = Release;
		};
/* End XCBuildConfiguration section */

/* Begin XCConfigurationList section */
		A039D8221CCDE2D500B0B5DA /* Build configuration list for PBXProject "GameLibrary" */ = {
			isa = XCConfigurationList;
			buildConfigurations = (
				A039D82E1CCDE2D500B0B5DA /* Debug */,
				A039D82F1CCDE2D500B0B5DA /* Release */,
			);
			defaultConfigurationIsVisible = 0;
			defaultConfigurationName = Release;
		};
		A039D8301CCDE2D500B0B5DA /* Build configuration list for PBXNativeTarget "GameLibrary" */ = {
			isa = XCConfigurationList;
			buildConfigurations = (
				A039D8311CCDE2D500B0B5DA /* Debug */,
				A039D8321CCDE2D500B0B5DA /* Release */,
			);
			defaultConfigurationIsVisible = 0;
			defaultConfigurationName = Release;
		};
/* End XCConfigurationList section */
	};
	rootObject = A039D81F1CCDE2D500B0B5DA /* Project object */;
}
